// !$*UTF8*$!
{
	archiveVersion = 1;
	classes = {
	};
	objectVersion = 50;
	objects = {

/* Begin PBXBuildFile section */
		CFF1A78B25CEF6AE00996F47 /* ToscozApp.swift in Sources */ = {isa = PBXBuildFile; fileRef = CFF1A78A25CEF6AE00996F47 /* ToscozApp.swift */; };
		CFF1A78D25CEF6AE00996F47 /* ContentView.swift in Sources */ = {isa = PBXBuildFile; fileRef = CFF1A78C25CEF6AE00996F47 /* ContentView.swift */; };
		CFF1A78F25CEF6B000996F47 /* Assets.xcassets in Resources */ = {isa = PBXBuildFile; fileRef = CFF1A78E25CEF6B000996F47 /* Assets.xcassets */; };
		CFF1A79225CEF6B000996F47 /* Preview Assets.xcassets in Resources */ = {isa = PBXBuildFile; fileRef = CFF1A79125CEF6B000996F47 /* Preview Assets.xcassets */; };
		CFF1A79D25CEF6B000996F47 /* ToscozTests.swift in Sources */ = {isa = PBXBuildFile; fileRef = CFF1A79C25CEF6B000996F47 /* ToscozTests.swift */; };
		CFF1A7A825CEF6B000996F47 /* ToscozUITests.swift in Sources */ = {isa = PBXBuildFile; fileRef = CFF1A7A725CEF6B000996F47 /* ToscozUITests.swift */; };
		CFF1A82C25CF510D00996F47 /* MyTopView.swift in Sources */ = {isa = PBXBuildFile; fileRef = CFF1A82B25CF510D00996F47 /* MyTopView.swift */; };
		CFF1A83425CF512100996F47 /* Xpto.swift in Sources */ = {isa = PBXBuildFile; fileRef = CFF1A83325CF512100996F47 /* Xpto.swift */; };
/* End PBXBuildFile section */

/* Begin PBXContainerItemProxy section */
		CFF1A79925CEF6B000996F47 /* PBXContainerItemProxy */ = {
			isa = PBXContainerItemProxy;
			containerPortal = CFF1A77F25CEF6AE00996F47 /* Project object */;
			proxyType = 1;
			remoteGlobalIDString = CFF1A78625CEF6AE00996F47;
			remoteInfo = toscoz;
		};
		CFF1A7A425CEF6B000996F47 /* PBXContainerItemProxy */ = {
			isa = PBXContainerItemProxy;
			containerPortal = CFF1A77F25CEF6AE00996F47 /* Project object */;
			proxyType = 1;
			remoteGlobalIDString = CFF1A78625CEF6AE00996F47;
			remoteInfo = toscoz;
		};
/* End PBXContainerItemProxy section */

/* Begin PBXFileReference section */
		CFF1A78725CEF6AE00996F47 /* toscoz.app */ = {isa = PBXFileReference; explicitFileType = wrapper.application; includeInIndex = 0; path = toscoz.app; sourceTree = BUILT_PRODUCTS_DIR; };
		CFF1A78A25CEF6AE00996F47 /* ToscozApp.swift */ = {isa = PBXFileReference; lastKnownFileType = sourcecode.swift; path = ToscozApp.swift; sourceTree = "<group>"; };
		CFF1A78C25CEF6AE00996F47 /* ContentView.swift */ = {isa = PBXFileReference; lastKnownFileType = sourcecode.swift; path = ContentView.swift; sourceTree = "<group>"; };
		CFF1A78E25CEF6B000996F47 /* Assets.xcassets */ = {isa = PBXFileReference; lastKnownFileType = folder.assetcatalog; path = Assets.xcassets; sourceTree = "<group>"; };
		CFF1A79125CEF6B000996F47 /* Preview Assets.xcassets */ = {isa = PBXFileReference; lastKnownFileType = folder.assetcatalog; path = "Preview Assets.xcassets"; sourceTree = "<group>"; };
		CFF1A79325CEF6B000996F47 /* Info.plist */ = {isa = PBXFileReference; lastKnownFileType = text.plist.xml; path = Info.plist; sourceTree = "<group>"; };
		CFF1A79825CEF6B000996F47 /* toscozTests.xctest */ = {isa = PBXFileReference; explicitFileType = wrapper.cfbundle; includeInIndex = 0; path = toscozTests.xctest; sourceTree = BUILT_PRODUCTS_DIR; };
		CFF1A79C25CEF6B000996F47 /* ToscozTests.swift */ = {isa = PBXFileReference; lastKnownFileType = sourcecode.swift; path = ToscozTests.swift; sourceTree = "<group>"; };
		CFF1A79E25CEF6B000996F47 /* Info.plist */ = {isa = PBXFileReference; lastKnownFileType = text.plist.xml; path = Info.plist; sourceTree = "<group>"; };
		CFF1A7A325CEF6B000996F47 /* toscozUITests.xctest */ = {isa = PBXFileReference; explicitFileType = wrapper.cfbundle; includeInIndex = 0; path = toscozUITests.xctest; sourceTree = BUILT_PRODUCTS_DIR; };
		CFF1A7A725CEF6B000996F47 /* ToscozUITests.swift */ = {isa = PBXFileReference; lastKnownFileType = sourcecode.swift; path = ToscozUITests.swift; sourceTree = "<group>"; };
		CFF1A7A925CEF6B000996F47 /* Info.plist */ = {isa = PBXFileReference; lastKnownFileType = text.plist.xml; path = Info.plist; sourceTree = "<group>"; };
		CFF1A82B25CF510D00996F47 /* MyTopView.swift */ = {isa = PBXFileReference; lastKnownFileType = sourcecode.swift; path = MyTopView.swift; sourceTree = "<group>"; };
		CFF1A83325CF512100996F47 /* Xpto.swift */ = {isa = PBXFileReference; lastKnownFileType = sourcecode.swift; path = Xpto.swift; sourceTree = "<group>"; };
/* End PBXFileReference section */

/* Begin PBXFrameworksBuildPhase section */
		CFF1A78425CEF6AE00996F47 /* Frameworks */ = {
			isa = PBXFrameworksBuildPhase;
			buildActionMask = 2147483647;
			files = (
			);
			runOnlyForDeploymentPostprocessing = 0;
		};
		CFF1A79525CEF6B000996F47 /* Frameworks */ = {
			isa = PBXFrameworksBuildPhase;
			buildActionMask = 2147483647;
			files = (
			);
			runOnlyForDeploymentPostprocessing = 0;
		};
		CFF1A7A025CEF6B000996F47 /* Frameworks */ = {
			isa = PBXFrameworksBuildPhase;
			buildActionMask = 2147483647;
			files = (
			);
			runOnlyForDeploymentPostprocessing = 0;
		};
/* End PBXFrameworksBuildPhase section */

/* Begin PBXGroup section */
		CFF1A77E25CEF6AE00996F47 = {
			isa = PBXGroup;
			children = (
				CFF1A78925CEF6AE00996F47 /* toscoz */,
				CFF1A79B25CEF6B000996F47 /* toscozTests */,
				CFF1A7A625CEF6B000996F47 /* toscozUITests */,
				CFF1A78825CEF6AE00996F47 /* Products */,
			);
			sourceTree = "<group>";
		};
		CFF1A78825CEF6AE00996F47 /* Products */ = {
			isa = PBXGroup;
			children = (
				CFF1A78725CEF6AE00996F47 /* toscoz.app */,
				CFF1A79825CEF6B000996F47 /* toscozTests.xctest */,
				CFF1A7A325CEF6B000996F47 /* toscozUITests.xctest */,
			);
			name = Products;
			sourceTree = "<group>";
		};
		CFF1A78925CEF6AE00996F47 /* toscoz */ = {
			isa = PBXGroup;
			children = (
				CFF1A82225CF4D4500996F47 /* application */,
				CFF1A82A25CF50D400996F47 /* features */,
				CFF1A82325CF4D4D00996F47 /* resources */,
				CFF1A78A25CEF6AE00996F47 /* ToscozApp.swift */,
				CFF1A78C25CEF6AE00996F47 /* ContentView.swift */,
				CFF1A79325CEF6B000996F47 /* Info.plist */,
				CFF1A79025CEF6B000996F47 /* Preview Content */,
			);
			path = toscoz;
			sourceTree = "<group>";
		};
		CFF1A79025CEF6B000996F47 /* Preview Content */ = {
			isa = PBXGroup;
			children = (
				CFF1A79125CEF6B000996F47 /* Preview Assets.xcassets */,
			);
			path = "Preview Content";
			sourceTree = "<group>";
		};
		CFF1A79B25CEF6B000996F47 /* toscozTests */ = {
			isa = PBXGroup;
			children = (
				CFF1A79C25CEF6B000996F47 /* ToscozTests.swift */,
				CFF1A79E25CEF6B000996F47 /* Info.plist */,
			);
			path = toscozTests;
			sourceTree = "<group>";
		};
		CFF1A7A625CEF6B000996F47 /* toscozUITests */ = {
			isa = PBXGroup;
			children = (
				CFF1A7A725CEF6B000996F47 /* ToscozUITests.swift */,
				CFF1A7A925CEF6B000996F47 /* Info.plist */,
			);
			path = toscozUITests;
			sourceTree = "<group>";
		};
		CFF1A82225CF4D4500996F47 /* application */ = {
			isa = PBXGroup;
			children = (
				CFF1A83325CF512100996F47 /* Xpto.swift */,
			);
			path = application;
			sourceTree = "<group>";
		};
		CFF1A82325CF4D4D00996F47 /* resources */ = {
			isa = PBXGroup;
			children = (
				CFF1A78E25CEF6B000996F47 /* Assets.xcassets */,
			);
			path = resources;
			sourceTree = "<group>";
		};
		CFF1A82A25CF50D400996F47 /* features */ = {
			isa = PBXGroup;
			children = (
				CFF1A82B25CF510D00996F47 /* MyTopView.swift */,
			);
			path = features;
			sourceTree = "<group>";
		};
/* End PBXGroup section */

/* Begin PBXNativeTarget section */
		CFF1A78625CEF6AE00996F47 /* toscoz */ = {
			isa = PBXNativeTarget;
			buildConfigurationList = CFF1A7AC25CEF6B000996F47 /* Build configuration list for PBXNativeTarget "toscoz" */;
			buildPhases = (
				CFF1A78325CEF6AE00996F47 /* Sources */,
				CFF1A78425CEF6AE00996F47 /* Frameworks */,
				CFF1A78525CEF6AE00996F47 /* Resources */,
				CFF1A81825CF482E00996F47 /* Run Swiftlint */,
			);
			buildRules = (
			);
			dependencies = (
			);
			name = toscoz;
			productName = toscoz;
			productReference = CFF1A78725CEF6AE00996F47 /* toscoz.app */;
			productType = "com.apple.product-type.application";
		};
		CFF1A79725CEF6B000996F47 /* toscozTests */ = {
			isa = PBXNativeTarget;
			buildConfigurationList = CFF1A7AF25CEF6B000996F47 /* Build configuration list for PBXNativeTarget "toscozTests" */;
			buildPhases = (
				CFF1A79425CEF6B000996F47 /* Sources */,
				CFF1A79525CEF6B000996F47 /* Frameworks */,
				CFF1A79625CEF6B000996F47 /* Resources */,
			);
			buildRules = (
			);
			dependencies = (
				CFF1A79A25CEF6B000996F47 /* PBXTargetDependency */,
			);
			name = toscozTests;
			productName = toscozTests;
			productReference = CFF1A79825CEF6B000996F47 /* toscozTests.xctest */;
			productType = "com.apple.product-type.bundle.unit-test";
		};
		CFF1A7A225CEF6B000996F47 /* toscozUITests */ = {
			isa = PBXNativeTarget;
			buildConfigurationList = CFF1A7B225CEF6B000996F47 /* Build configuration list for PBXNativeTarget "toscozUITests" */;
			buildPhases = (
				CFF1A79F25CEF6B000996F47 /* Sources */,
				CFF1A7A025CEF6B000996F47 /* Frameworks */,
				CFF1A7A125CEF6B000996F47 /* Resources */,
			);
			buildRules = (
			);
			dependencies = (
				CFF1A7A525CEF6B000996F47 /* PBXTargetDependency */,
			);
			name = toscozUITests;
			productName = toscozUITests;
			productReference = CFF1A7A325CEF6B000996F47 /* toscozUITests.xctest */;
			productType = "com.apple.product-type.bundle.ui-testing";
		};
/* End PBXNativeTarget section */

/* Begin PBXProject section */
		CFF1A77F25CEF6AE00996F47 /* Project object */ = {
			isa = PBXProject;
			attributes = {
				LastSwiftUpdateCheck = 1240;
				LastUpgradeCheck = 1240;
				TargetAttributes = {
					CFF1A78625CEF6AE00996F47 = {
						CreatedOnToolsVersion = 12.4;
					};
					CFF1A79725CEF6B000996F47 = {
						CreatedOnToolsVersion = 12.4;
						TestTargetID = CFF1A78625CEF6AE00996F47;
					};
					CFF1A7A225CEF6B000996F47 = {
						CreatedOnToolsVersion = 12.4;
						TestTargetID = CFF1A78625CEF6AE00996F47;
					};
				};
			};
			buildConfigurationList = CFF1A78225CEF6AE00996F47 /* Build configuration list for PBXProject "toscoz" */;
			compatibilityVersion = "Xcode 9.3";
			developmentRegion = en;
			hasScannedForEncodings = 0;
			knownRegions = (
				en,
				Base,
			);
			mainGroup = CFF1A77E25CEF6AE00996F47;
			productRefGroup = CFF1A78825CEF6AE00996F47 /* Products */;
			projectDirPath = "";
			projectRoot = "";
			targets = (
				CFF1A78625CEF6AE00996F47 /* toscoz */,
				CFF1A79725CEF6B000996F47 /* toscozTests */,
				CFF1A7A225CEF6B000996F47 /* toscozUITests */,
			);
		};
/* End PBXProject section */

/* Begin PBXResourcesBuildPhase section */
		CFF1A78525CEF6AE00996F47 /* Resources */ = {
			isa = PBXResourcesBuildPhase;
			buildActionMask = 2147483647;
			files = (
				CFF1A79225CEF6B000996F47 /* Preview Assets.xcassets in Resources */,
				CFF1A78F25CEF6B000996F47 /* Assets.xcassets in Resources */,
			);
			runOnlyForDeploymentPostprocessing = 0;
		};
		CFF1A79625CEF6B000996F47 /* Resources */ = {
			isa = PBXResourcesBuildPhase;
			buildActionMask = 2147483647;
			files = (
			);
			runOnlyForDeploymentPostprocessing = 0;
		};
		CFF1A7A125CEF6B000996F47 /* Resources */ = {
			isa = PBXResourcesBuildPhase;
			buildActionMask = 2147483647;
			files = (
			);
			runOnlyForDeploymentPostprocessing = 0;
		};
/* End PBXResourcesBuildPhase section */

/* Begin PBXShellScriptBuildPhase section */
		CFF1A81825CF482E00996F47 /* Run Swiftlint */ = {
			isa = PBXShellScriptBuildPhase;
			buildActionMask = 2147483647;
			files = (
			);
			inputFileListPaths = (
			);
			inputPaths = (
			);
			name = "Run Swiftlint";
			outputFileListPaths = (
			);
			outputPaths = (
			);
			runOnlyForDeploymentPostprocessing = 0;
			shellPath = /bin/sh;
			shellScript = "if which swiftlint >/dev/null; then\n  swiftlint\nelse\n  echo \"warning: SwiftLint not installed, download from https://github.com/realm/SwiftLint\"\nfi\n";
		};
/* End PBXShellScriptBuildPhase section */

/* Begin PBXSourcesBuildPhase section */
		CFF1A78325CEF6AE00996F47 /* Sources */ = {
			isa = PBXSourcesBuildPhase;
			buildActionMask = 2147483647;
			files = (
				CFF1A83425CF512100996F47 /* Xpto.swift in Sources */,
				CFF1A78D25CEF6AE00996F47 /* ContentView.swift in Sources */,
				CFF1A82C25CF510D00996F47 /* MyTopView.swift in Sources */,
				CFF1A78B25CEF6AE00996F47 /* ToscozApp.swift in Sources */,
			);
			runOnlyForDeploymentPostprocessing = 0;
		};
		CFF1A79425CEF6B000996F47 /* Sources */ = {
			isa = PBXSourcesBuildPhase;
			buildActionMask = 2147483647;
			files = (
				CFF1A79D25CEF6B000996F47 /* ToscozTests.swift in Sources */,
			);
			runOnlyForDeploymentPostprocessing = 0;
		};
		CFF1A79F25CEF6B000996F47 /* Sources */ = {
			isa = PBXSourcesBuildPhase;
			buildActionMask = 2147483647;
			files = (
				CFF1A7A825CEF6B000996F47 /* ToscozUITests.swift in Sources */,
			);
			runOnlyForDeploymentPostprocessing = 0;
		};
/* End PBXSourcesBuildPhase section */

/* Begin PBXTargetDependency section */
		CFF1A79A25CEF6B000996F47 /* PBXTargetDependency */ = {
			isa = PBXTargetDependency;
			target = CFF1A78625CEF6AE00996F47 /* toscoz */;
			targetProxy = CFF1A79925CEF6B000996F47 /* PBXContainerItemProxy */;
		};
		CFF1A7A525CEF6B000996F47 /* PBXTargetDependency */ = {
			isa = PBXTargetDependency;
			target = CFF1A78625CEF6AE00996F47 /* toscoz */;
			targetProxy = CFF1A7A425CEF6B000996F47 /* PBXContainerItemProxy */;
		};
/* End PBXTargetDependency section */

/* Begin XCBuildConfiguration section */
		CFF1A7AA25CEF6B000996F47 /* Debug */ = {
			isa = XCBuildConfiguration;
			buildSettings = {
				ALWAYS_SEARCH_USER_PATHS = NO;
				CLANG_ANALYZER_NONNULL = YES;
				CLANG_ANALYZER_NUMBER_OBJECT_CONVERSION = YES_AGGRESSIVE;
				CLANG_CXX_LANGUAGE_STANDARD = "gnu++14";
				CLANG_CXX_LIBRARY = "libc++";
				CLANG_ENABLE_MODULES = YES;
				CLANG_ENABLE_OBJC_ARC = YES;
				CLANG_ENABLE_OBJC_WEAK = YES;
				CLANG_WARN_BLOCK_CAPTURE_AUTORELEASING = YES;
				CLANG_WARN_BOOL_CONVERSION = YES;
				CLANG_WARN_COMMA = YES;
				CLANG_WARN_CONSTANT_CONVERSION = YES;
				CLANG_WARN_DEPRECATED_OBJC_IMPLEMENTATIONS = YES;
				CLANG_WARN_DIRECT_OBJC_ISA_USAGE = YES_ERROR;
				CLANG_WARN_DOCUMENTATION_COMMENTS = YES;
				CLANG_WARN_EMPTY_BODY = YES;
				CLANG_WARN_ENUM_CONVERSION = YES;
				CLANG_WARN_INFINITE_RECURSION = YES;
				CLANG_WARN_INT_CONVERSION = YES;
				CLANG_WARN_NON_LITERAL_NULL_CONVERSION = YES;
				CLANG_WARN_OBJC_IMPLICIT_RETAIN_SELF = YES;
				CLANG_WARN_OBJC_LITERAL_CONVERSION = YES;
				CLANG_WARN_OBJC_ROOT_CLASS = YES_ERROR;
				CLANG_WARN_QUOTED_INCLUDE_IN_FRAMEWORK_HEADER = YES;
				CLANG_WARN_RANGE_LOOP_ANALYSIS = YES;
				CLANG_WARN_STRICT_PROTOTYPES = YES;
				CLANG_WARN_SUSPICIOUS_MOVE = YES;
				CLANG_WARN_UNGUARDED_AVAILABILITY = YES_AGGRESSIVE;
				CLANG_WARN_UNREACHABLE_CODE = YES;
				CLANG_WARN__DUPLICATE_METHOD_MATCH = YES;
				COPY_PHASE_STRIP = NO;
				CURRENT_PROJECT_VERSION = 2;
				DEBUG_INFORMATION_FORMAT = dwarf;
				ENABLE_STRICT_OBJC_MSGSEND = YES;
				ENABLE_TESTABILITY = YES;
				GCC_C_LANGUAGE_STANDARD = gnu11;
				GCC_DYNAMIC_NO_PIC = NO;
				GCC_NO_COMMON_BLOCKS = YES;
				GCC_OPTIMIZATION_LEVEL = 0;
				GCC_PREPROCESSOR_DEFINITIONS = (
					"DEBUG=1",
					"$(inherited)",
				);
				GCC_WARN_64_TO_32_BIT_CONVERSION = YES;
				GCC_WARN_ABOUT_RETURN_TYPE = YES_ERROR;
				GCC_WARN_UNDECLARED_SELECTOR = YES;
				GCC_WARN_UNINITIALIZED_AUTOS = YES_AGGRESSIVE;
				GCC_WARN_UNUSED_FUNCTION = YES;
				GCC_WARN_UNUSED_VARIABLE = YES;
				IPHONEOS_DEPLOYMENT_TARGET = 14.4;
				MTL_ENABLE_DEBUG_INFO = INCLUDE_SOURCE;
				MTL_FAST_MATH = YES;
				ONLY_ACTIVE_ARCH = YES;
				SDKROOT = iphoneos;
				SWIFT_ACTIVE_COMPILATION_CONDITIONS = DEBUG;
				SWIFT_OPTIMIZATION_LEVEL = "-Onone";
				VERSIONING_SYSTEM = "apple-generic";
			};
			name = Debug;
		};
		CFF1A7AB25CEF6B000996F47 /* Release */ = {
			isa = XCBuildConfiguration;
			buildSettings = {
				ALWAYS_SEARCH_USER_PATHS = NO;
				CLANG_ANALYZER_NONNULL = YES;
				CLANG_ANALYZER_NUMBER_OBJECT_CONVERSION = YES_AGGRESSIVE;
				CLANG_CXX_LANGUAGE_STANDARD = "gnu++14";
				CLANG_CXX_LIBRARY = "libc++";
				CLANG_ENABLE_MODULES = YES;
				CLANG_ENABLE_OBJC_ARC = YES;
				CLANG_ENABLE_OBJC_WEAK = YES;
				CLANG_WARN_BLOCK_CAPTURE_AUTORELEASING = YES;
				CLANG_WARN_BOOL_CONVERSION = YES;
				CLANG_WARN_COMMA = YES;
				CLANG_WARN_CONSTANT_CONVERSION = YES;
				CLANG_WARN_DEPRECATED_OBJC_IMPLEMENTATIONS = YES;
				CLANG_WARN_DIRECT_OBJC_ISA_USAGE = YES_ERROR;
				CLANG_WARN_DOCUMENTATION_COMMENTS = YES;
				CLANG_WARN_EMPTY_BODY = YES;
				CLANG_WARN_ENUM_CONVERSION = YES;
				CLANG_WARN_INFINITE_RECURSION = YES;
				CLANG_WARN_INT_CONVERSION = YES;
				CLANG_WARN_NON_LITERAL_NULL_CONVERSION = YES;
				CLANG_WARN_OBJC_IMPLICIT_RETAIN_SELF = YES;
				CLANG_WARN_OBJC_LITERAL_CONVERSION = YES;
				CLANG_WARN_OBJC_ROOT_CLASS = YES_ERROR;
				CLANG_WARN_QUOTED_INCLUDE_IN_FRAMEWORK_HEADER = YES;
				CLANG_WARN_RANGE_LOOP_ANALYSIS = YES;
				CLANG_WARN_STRICT_PROTOTYPES = YES;
				CLANG_WARN_SUSPICIOUS_MOVE = YES;
				CLANG_WARN_UNGUARDED_AVAILABILITY = YES_AGGRESSIVE;
				CLANG_WARN_UNREACHABLE_CODE = YES;
				CLANG_WARN__DUPLICATE_METHOD_MATCH = YES;
				COPY_PHASE_STRIP = NO;
				CURRENT_PROJECT_VERSION = 2;
				DEBUG_INFORMATION_FORMAT = "dwarf-with-dsym";
				ENABLE_NS_ASSERTIONS = NO;
				ENABLE_STRICT_OBJC_MSGSEND = YES;
				GCC_C_LANGUAGE_STANDARD = gnu11;
				GCC_NO_COMMON_BLOCKS = YES;
				GCC_WARN_64_TO_32_BIT_CONVERSION = YES;
				GCC_WARN_ABOUT_RETURN_TYPE = YES_ERROR;
				GCC_WARN_UNDECLARED_SELECTOR = YES;
				GCC_WARN_UNINITIALIZED_AUTOS = YES_AGGRESSIVE;
				GCC_WARN_UNUSED_FUNCTION = YES;
				GCC_WARN_UNUSED_VARIABLE = YES;
				IPHONEOS_DEPLOYMENT_TARGET = 14.4;
				MTL_ENABLE_DEBUG_INFO = NO;
				MTL_FAST_MATH = YES;
				SDKROOT = iphoneos;
				SWIFT_COMPILATION_MODE = wholemodule;
				SWIFT_OPTIMIZATION_LEVEL = "-O";
				VALIDATE_PRODUCT = YES;
				VERSIONING_SYSTEM = "apple-generic";
			};
			name = Release;
		};
		CFF1A7AD25CEF6B000996F47 /* Debug */ = {
			isa = XCBuildConfiguration;
			buildSettings = {
				ASSETCATALOG_COMPILER_APPICON_NAME = AppIcon;
				ASSETCATALOG_COMPILER_GLOBAL_ACCENT_COLOR_NAME = AccentColor;
				CODE_SIGN_STYLE = Automatic;
				DEVELOPMENT_ASSET_PATHS = "\"toscoz/Preview Content\"";
				DEVELOPMENT_TEAM = 6CHZFW8V57;
				ENABLE_PREVIEWS = YES;
				INFOPLIST_FILE = toscoz/Info.plist;
				IPHONEOS_DEPLOYMENT_TARGET = 14.0;
				LD_RUNPATH_SEARCH_PATHS = (
					"$(inherited)",
					"@executable_path/Frameworks",
				);
				PRODUCT_BUNDLE_IDENTIFIER = com.jjorgemoura.toscoz;
				PRODUCT_NAME = "$(TARGET_NAME)";
				SWIFT_VERSION = 5.0;
				TARGETED_DEVICE_FAMILY = "1,2";
			};
			name = Debug;
		};
		CFF1A7AE25CEF6B000996F47 /* Release */ = {
			isa = XCBuildConfiguration;
			buildSettings = {
				ASSETCATALOG_COMPILER_APPICON_NAME = AppIcon;
				ASSETCATALOG_COMPILER_GLOBAL_ACCENT_COLOR_NAME = AccentColor;
				CODE_SIGN_STYLE = Automatic;
				DEVELOPMENT_ASSET_PATHS = "\"toscoz/Preview Content\"";
				DEVELOPMENT_TEAM = 6CHZFW8V57;
				ENABLE_PREVIEWS = YES;
				INFOPLIST_FILE = toscoz/Info.plist;
				IPHONEOS_DEPLOYMENT_TARGET = 14.0;
				LD_RUNPATH_SEARCH_PATHS = (
					"$(inherited)",
					"@executable_path/Frameworks",
				);
				PRODUCT_BUNDLE_IDENTIFIER = com.jjorgemoura.toscoz;
				PRODUCT_NAME = "$(TARGET_NAME)";
				SWIFT_VERSION = 5.0;
				TARGETED_DEVICE_FAMILY = "1,2";
			};
			name = Release;
		};
		CFF1A7B025CEF6B000996F47 /* Debug */ = {
			isa = XCBuildConfiguration;
			buildSettings = {
				ALWAYS_EMBED_SWIFT_STANDARD_LIBRARIES = YES;
				BUNDLE_LOADER = "$(TEST_HOST)";
				CODE_SIGN_STYLE = Automatic;
				DEVELOPMENT_TEAM = 6CHZFW8V57;
				INFOPLIST_FILE = toscozTests/Info.plist;
				IPHONEOS_DEPLOYMENT_TARGET = 14.0;
				LD_RUNPATH_SEARCH_PATHS = (
					"$(inherited)",
					"@executable_path/Frameworks",
					"@loader_path/Frameworks",
				);
				PRODUCT_BUNDLE_IDENTIFIER = com.jjorgemoura.toscozTests;
				PRODUCT_NAME = "$(TARGET_NAME)";
				SWIFT_VERSION = 5.0;
				TARGETED_DEVICE_FAMILY = "1,2";
				TEST_HOST = "$(BUILT_PRODUCTS_DIR)/toscoz.app/toscoz";
			};
			name = Debug;
		};
		CFF1A7B125CEF6B000996F47 /* Release */ = {
			isa = XCBuildConfiguration;
			buildSettings = {
				ALWAYS_EMBED_SWIFT_STANDARD_LIBRARIES = YES;
				BUNDLE_LOADER = "$(TEST_HOST)";
				CODE_SIGN_STYLE = Automatic;
				DEVELOPMENT_TEAM = 6CHZFW8V57;
				INFOPLIST_FILE = toscozTests/Info.plist;
				IPHONEOS_DEPLOYMENT_TARGET = 14.0;
				LD_RUNPATH_SEARCH_PATHS = (
					"$(inherited)",
					"@executable_path/Frameworks",
					"@loader_path/Frameworks",
				);
				PRODUCT_BUNDLE_IDENTIFIER = com.jjorgemoura.toscozTests;
				PRODUCT_NAME = "$(TARGET_NAME)";
				SWIFT_VERSION = 5.0;
				TARGETED_DEVICE_FAMILY = "1,2";
				TEST_HOST = "$(BUILT_PRODUCTS_DIR)/toscoz.app/toscoz";
			};
			name = Release;
		};
		CFF1A7B325CEF6B000996F47 /* Debug */ = {
			isa = XCBuildConfiguration;
			buildSettings = {
				ALWAYS_EMBED_SWIFT_STANDARD_LIBRARIES = YES;
				CODE_SIGN_STYLE = Automatic;
				DEVELOPMENT_TEAM = 6CHZFW8V57;
				INFOPLIST_FILE = toscozUITests/Info.plist;
				LD_RUNPATH_SEARCH_PATHS = (
					"$(inherited)",
					"@executable_path/Frameworks",
					"@loader_path/Frameworks",
				);
				PRODUCT_BUNDLE_IDENTIFIER = com.jjorgemoura.toscozUITests;
				PRODUCT_NAME = "$(TARGET_NAME)";
				SWIFT_VERSION = 5.0;
				TARGETED_DEVICE_FAMILY = "1,2";
				TEST_TARGET_NAME = toscoz;
			};
			name = Debug;
		};
		CFF1A7B425CEF6B000996F47 /* Release */ = {
			isa = XCBuildConfiguration;
			buildSettings = {
				ALWAYS_EMBED_SWIFT_STANDARD_LIBRARIES = YES;
				CODE_SIGN_STYLE = Automatic;
				DEVELOPMENT_TEAM = 6CHZFW8V57;
				INFOPLIST_FILE = toscozUITests/Info.plist;
				LD_RUNPATH_SEARCH_PATHS = (
					"$(inherited)",
					"@executable_path/Frameworks",
					"@loader_path/Frameworks",
				);
				PRODUCT_BUNDLE_IDENTIFIER = com.jjorgemoura.toscozUITests;
				PRODUCT_NAME = "$(TARGET_NAME)";
				SWIFT_VERSION = 5.0;
				TARGETED_DEVICE_FAMILY = "1,2";
				TEST_TARGET_NAME = toscoz;
			};
			name = Release;
		};
/* End XCBuildConfiguration section */

/* Begin XCConfigurationList section */
		CFF1A78225CEF6AE00996F47 /* Build configuration list for PBXProject "toscoz" */ = {
			isa = XCConfigurationList;
			buildConfigurations = (
				CFF1A7AA25CEF6B000996F47 /* Debug */,
				CFF1A7AB25CEF6B000996F47 /* Release */,
			);
			defaultConfigurationIsVisible = 0;
			defaultConfigurationName = Release;
		};
		CFF1A7AC25CEF6B000996F47 /* Build configuration list for PBXNativeTarget "toscoz" */ = {
			isa = XCConfigurationList;
			buildConfigurations = (
				CFF1A7AD25CEF6B000996F47 /* Debug */,
				CFF1A7AE25CEF6B000996F47 /* Release */,
			);
			defaultConfigurationIsVisible = 0;
			defaultConfigurationName = Release;
		};
		CFF1A7AF25CEF6B000996F47 /* Build configuration list for PBXNativeTarget "toscozTests" */ = {
			isa = XCConfigurationList;
			buildConfigurations = (
				CFF1A7B025CEF6B000996F47 /* Debug */,
				CFF1A7B125CEF6B000996F47 /* Release */,
			);
			defaultConfigurationIsVisible = 0;
			defaultConfigurationName = Release;
		};
		CFF1A7B225CEF6B000996F47 /* Build configuration list for PBXNativeTarget "toscozUITests" */ = {
			isa = XCConfigurationList;
			buildConfigurations = (
				CFF1A7B325CEF6B000996F47 /* Debug */,
				CFF1A7B425CEF6B000996F47 /* Release */,
			);
			defaultConfigurationIsVisible = 0;
			defaultConfigurationName = Release;
		};
/* End XCConfigurationList section */
	};
	rootObject = CFF1A77F25CEF6AE00996F47 /* Project object */;
}
