// !$*UTF8*$!
{
	archiveVersion = 1;
	classes = {
	};
	objectVersion = 50;
	objects = {

/* Begin PBXBuildFile section */
		CF4DACCB23DBA81600F60F63 /* AppDelegate.swift in Sources */ = {isa = PBXBuildFile; fileRef = CF4DACCA23DBA81600F60F63 /* AppDelegate.swift */; };
		CF4DACCD23DBA81600F60F63 /* SceneDelegate.swift in Sources */ = {isa = PBXBuildFile; fileRef = CF4DACCC23DBA81600F60F63 /* SceneDelegate.swift */; };
		CF4DACCF23DBA81600F60F63 /* ContentView.swift in Sources */ = {isa = PBXBuildFile; fileRef = CF4DACCE23DBA81600F60F63 /* ContentView.swift */; };
		CF4DACD123DBA81800F60F63 /* Assets.xcassets in Resources */ = {isa = PBXBuildFile; fileRef = CF4DACD023DBA81800F60F63 /* Assets.xcassets */; };
		CF4DACD423DBA81800F60F63 /* Preview Assets.xcassets in Resources */ = {isa = PBXBuildFile; fileRef = CF4DACD323DBA81800F60F63 /* Preview Assets.xcassets */; };
		CF4DACD723DBA81800F60F63 /* LaunchScreen.storyboard in Resources */ = {isa = PBXBuildFile; fileRef = CF4DACD523DBA81800F60F63 /* LaunchScreen.storyboard */; };
		CF4DACE223DBA81900F60F63 /* ToscozTests.swift in Sources */ = {isa = PBXBuildFile; fileRef = CF4DACE123DBA81900F60F63 /* ToscozTests.swift */; };
/* End PBXBuildFile section */

/* Begin PBXContainerItemProxy section */
		CF4DACDE23DBA81900F60F63 /* PBXContainerItemProxy */ = {
			isa = PBXContainerItemProxy;
			containerPortal = CF4DACBF23DBA81600F60F63 /* Project object */;
			proxyType = 1;
			remoteGlobalIDString = CF4DACC623DBA81600F60F63;
			remoteInfo = toscoz;
		};
/* End PBXContainerItemProxy section */

/* Begin PBXFileReference section */
		CF4DACC723DBA81600F60F63 /* toscoz.app */ = {isa = PBXFileReference; explicitFileType = wrapper.application; includeInIndex = 0; path = toscoz.app; sourceTree = BUILT_PRODUCTS_DIR; };
		CF4DACCA23DBA81600F60F63 /* AppDelegate.swift */ = {isa = PBXFileReference; lastKnownFileType = sourcecode.swift; path = AppDelegate.swift; sourceTree = "<group>"; };
		CF4DACCC23DBA81600F60F63 /* SceneDelegate.swift */ = {isa = PBXFileReference; lastKnownFileType = sourcecode.swift; path = SceneDelegate.swift; sourceTree = "<group>"; };
		CF4DACCE23DBA81600F60F63 /* ContentView.swift */ = {isa = PBXFileReference; lastKnownFileType = sourcecode.swift; path = ContentView.swift; sourceTree = "<group>"; };
		CF4DACD023DBA81800F60F63 /* Assets.xcassets */ = {isa = PBXFileReference; lastKnownFileType = folder.assetcatalog; path = Assets.xcassets; sourceTree = "<group>"; };
		CF4DACD323DBA81800F60F63 /* Preview Assets.xcassets */ = {isa = PBXFileReference; lastKnownFileType = folder.assetcatalog; path = "Preview Assets.xcassets"; sourceTree = "<group>"; };
		CF4DACD623DBA81800F60F63 /* Base */ = {isa = PBXFileReference; lastKnownFileType = file.storyboard; name = Base; path = Base.lproj/LaunchScreen.storyboard; sourceTree = "<group>"; };
		CF4DACD823DBA81800F60F63 /* Info.plist */ = {isa = PBXFileReference; lastKnownFileType = text.plist.xml; path = Info.plist; sourceTree = "<group>"; };
		CF4DACDD23DBA81900F60F63 /* toscozTests.xctest */ = {isa = PBXFileReference; explicitFileType = wrapper.cfbundle; includeInIndex = 0; path = toscozTests.xctest; sourceTree = BUILT_PRODUCTS_DIR; };
		CF4DACE123DBA81900F60F63 /* ToscozTests.swift */ = {isa = PBXFileReference; lastKnownFileType = sourcecode.swift; path = ToscozTests.swift; sourceTree = "<group>"; };
		CF4DACE323DBA81900F60F63 /* Info.plist */ = {isa = PBXFileReference; lastKnownFileType = text.plist.xml; path = Info.plist; sourceTree = "<group>"; };
		CF83406123E6DDD0000FA5C3 /* pt-PT */ = {isa = PBXFileReference; lastKnownFileType = text.plist.strings; name = "pt-PT"; path = "pt-PT.lproj/LaunchScreen.strings"; sourceTree = "<group>"; };
/* End PBXFileReference section */

/* Begin PBXFrameworksBuildPhase section */
		CF4DACC423DBA81600F60F63 /* Frameworks */ = {
			isa = PBXFrameworksBuildPhase;
			buildActionMask = 2147483647;
			files = (
			);
			runOnlyForDeploymentPostprocessing = 0;
		};
		CF4DACDA23DBA81900F60F63 /* Frameworks */ = {
			isa = PBXFrameworksBuildPhase;
			buildActionMask = 2147483647;
			files = (
			);
			runOnlyForDeploymentPostprocessing = 0;
		};
/* End PBXFrameworksBuildPhase section */

/* Begin PBXGroup section */
		CF4DACBE23DBA81600F60F63 = {
			isa = PBXGroup;
			children = (
				CF4DACC923DBA81600F60F63 /* toscoz */,
				CF4DACE023DBA81900F60F63 /* toscozTests */,
				CF4DACC823DBA81600F60F63 /* Products */,
			);
			sourceTree = "<group>";
		};
		CF4DACC823DBA81600F60F63 /* Products */ = {
			isa = PBXGroup;
			children = (
				CF4DACC723DBA81600F60F63 /* toscoz.app */,
				CF4DACDD23DBA81900F60F63 /* toscozTests.xctest */,
			);
			name = Products;
			sourceTree = "<group>";
		};
		CF4DACC923DBA81600F60F63 /* toscoz */ = {
			isa = PBXGroup;
			children = (
				CF83406323E6E2F5000FA5C3 /* Features */,
				CF83406223E6E26E000FA5C3 /* Resources */,
				CF4DACD223DBA81800F60F63 /* Preview Content */,
				CF4DACCA23DBA81600F60F63 /* AppDelegate.swift */,
				CF4DACCC23DBA81600F60F63 /* SceneDelegate.swift */,
				CF4DACD823DBA81800F60F63 /* Info.plist */,
			);
			path = toscoz;
			sourceTree = "<group>";
		};
		CF4DACD223DBA81800F60F63 /* Preview Content */ = {
			isa = PBXGroup;
			children = (
				CF4DACD323DBA81800F60F63 /* Preview Assets.xcassets */,
			);
			path = "Preview Content";
			sourceTree = "<group>";
		};
		CF4DACE023DBA81900F60F63 /* toscozTests */ = {
			isa = PBXGroup;
			children = (
				CF4DACE123DBA81900F60F63 /* ToscozTests.swift */,
				CF4DACE323DBA81900F60F63 /* Info.plist */,
			);
			path = toscozTests;
			sourceTree = "<group>";
		};
		CF83406223E6E26E000FA5C3 /* Resources */ = {
			isa = PBXGroup;
			children = (
				CF4DACD523DBA81800F60F63 /* LaunchScreen.storyboard */,
				CF4DACD023DBA81800F60F63 /* Assets.xcassets */,
			);
			path = Resources;
			sourceTree = "<group>";
		};
		CF83406323E6E2F5000FA5C3 /* Features */ = {
			isa = PBXGroup;
			children = (
				CF83406423E6E2FC000FA5C3 /* Main */,
			);
			path = Features;
			sourceTree = "<group>";
		};
		CF83406423E6E2FC000FA5C3 /* Main */ = {
			isa = PBXGroup;
			children = (
				CF4DACCE23DBA81600F60F63 /* ContentView.swift */,
			);
			path = Main;
			sourceTree = "<group>";
		};
/* End PBXGroup section */

/* Begin PBXNativeTarget section */
		CF4DACC623DBA81600F60F63 /* toscoz */ = {
			isa = PBXNativeTarget;
			buildConfigurationList = CF4DACE623DBA81900F60F63 /* Build configuration list for PBXNativeTarget "toscoz" */;
			buildPhases = (
				CF4DACC323DBA81600F60F63 /* Sources */,
				CF4DACC423DBA81600F60F63 /* Frameworks */,
				CF4DACC523DBA81600F60F63 /* Resources */,
				CFCAB9EE23DBAC05002DDB79 /* Run Script Swiftlint */,
			);
			buildRules = (
			);
			dependencies = (
			);
			name = toscoz;
			productName = toscoz;
			productReference = CF4DACC723DBA81600F60F63 /* toscoz.app */;
			productType = "com.apple.product-type.application";
		};
		CF4DACDC23DBA81900F60F63 /* toscozTests */ = {
			isa = PBXNativeTarget;
			buildConfigurationList = CF4DACE923DBA81900F60F63 /* Build configuration list for PBXNativeTarget "toscozTests" */;
			buildPhases = (
				CF4DACD923DBA81900F60F63 /* Sources */,
				CF4DACDA23DBA81900F60F63 /* Frameworks */,
				CF4DACDB23DBA81900F60F63 /* Resources */,
			);
			buildRules = (
			);
			dependencies = (
				CF4DACDF23DBA81900F60F63 /* PBXTargetDependency */,
			);
			name = toscozTests;
			productName = toscozTests;
			productReference = CF4DACDD23DBA81900F60F63 /* toscozTests.xctest */;
			productType = "com.apple.product-type.bundle.unit-test";
		};
/* End PBXNativeTarget section */

/* Begin PBXProject section */
		CF4DACBF23DBA81600F60F63 /* Project object */ = {
			isa = PBXProject;
			attributes = {
				LastSwiftUpdateCheck = 1130;
				LastUpgradeCheck = 1130;
				ORGANIZATIONNAME = "Jorge Moura";
				TargetAttributes = {
					CF4DACC623DBA81600F60F63 = {
						CreatedOnToolsVersion = 11.3.1;
					};
					CF4DACDC23DBA81900F60F63 = {
						CreatedOnToolsVersion = 11.3.1;
						TestTargetID = CF4DACC623DBA81600F60F63;
					};
				};
			};
			buildConfigurationList = CF4DACC223DBA81600F60F63 /* Build configuration list for PBXProject "toscoz" */;
			compatibilityVersion = "Xcode 9.3";
			developmentRegion = en;
			hasScannedForEncodings = 0;
			knownRegions = (
				en,
				Base,
				"pt-PT",
			);
			mainGroup = CF4DACBE23DBA81600F60F63;
			productRefGroup = CF4DACC823DBA81600F60F63 /* Products */;
			projectDirPath = "";
			projectRoot = "";
			targets = (
				CF4DACC623DBA81600F60F63 /* toscoz */,
				CF4DACDC23DBA81900F60F63 /* toscozTests */,
			);
		};
/* End PBXProject section */

/* Begin PBXResourcesBuildPhase section */
		CF4DACC523DBA81600F60F63 /* Resources */ = {
			isa = PBXResourcesBuildPhase;
			buildActionMask = 2147483647;
			files = (
				CF4DACD723DBA81800F60F63 /* LaunchScreen.storyboard in Resources */,
				CF4DACD423DBA81800F60F63 /* Preview Assets.xcassets in Resources */,
				CF4DACD123DBA81800F60F63 /* Assets.xcassets in Resources */,
			);
			runOnlyForDeploymentPostprocessing = 0;
		};
		CF4DACDB23DBA81900F60F63 /* Resources */ = {
			isa = PBXResourcesBuildPhase;
			buildActionMask = 2147483647;
			files = (
			);
			runOnlyForDeploymentPostprocessing = 0;
		};
/* End PBXResourcesBuildPhase section */

/* Begin PBXShellScriptBuildPhase section */
		CFCAB9EE23DBAC05002DDB79 /* Run Script Swiftlint */ = {
			isa = PBXShellScriptBuildPhase;
			buildActionMask = 2147483647;
			files = (
			);
			inputFileListPaths = (
			);
			inputPaths = (
			);
			name = "Run Script Swiftlint";
			outputFileListPaths = (
			);
			outputPaths = (
			);
			runOnlyForDeploymentPostprocessing = 0;
			shellPath = /bin/sh;
			shellScript = "if which swiftlint >/dev/null; then\n  swiftlint\nelse\n  echo \"warning: SwiftLint not installed, download from https://github.com/realm/SwiftLint\"\nfi\n";
		};
/* End PBXShellScriptBuildPhase section */

/* Begin PBXSourcesBuildPhase section */
		CF4DACC323DBA81600F60F63 /* Sources */ = {
			isa = PBXSourcesBuildPhase;
			buildActionMask = 2147483647;
			files = (
				CF4DACCB23DBA81600F60F63 /* AppDelegate.swift in Sources */,
				CF4DACCD23DBA81600F60F63 /* SceneDelegate.swift in Sources */,
				CF4DACCF23DBA81600F60F63 /* ContentView.swift in Sources */,
			);
			runOnlyForDeploymentPostprocessing = 0;
		};
		CF4DACD923DBA81900F60F63 /* Sources */ = {
			isa = PBXSourcesBuildPhase;
			buildActionMask = 2147483647;
			files = (
				CF4DACE223DBA81900F60F63 /* ToscozTests.swift in Sources */,
			);
			runOnlyForDeploymentPostprocessing = 0;
		};
/* End PBXSourcesBuildPhase section */

/* Begin PBXTargetDependency section */
		CF4DACDF23DBA81900F60F63 /* PBXTargetDependency */ = {
			isa = PBXTargetDependency;
			target = CF4DACC623DBA81600F60F63 /* toscoz */;
			targetProxy = CF4DACDE23DBA81900F60F63 /* PBXContainerItemProxy */;
		};
/* End PBXTargetDependency section */

/* Begin PBXVariantGroup section */
		CF4DACD523DBA81800F60F63 /* LaunchScreen.storyboard */ = {
			isa = PBXVariantGroup;
			children = (
				CF4DACD623DBA81800F60F63 /* Base */,
				CF83406123E6DDD0000FA5C3 /* pt-PT */,
			);
			name = LaunchScreen.storyboard;
			sourceTree = "<group>";
		};
/* End PBXVariantGroup section */

/* Begin XCBuildConfiguration section */
		CF4DACE423DBA81900F60F63 /* Debug */ = {
			isa = XCBuildConfiguration;
			buildSettings = {
				ALWAYS_SEARCH_USER_PATHS = NO;
				CLANG_ANALYZER_LOCALIZABILITY_NONLOCALIZED = YES;
				CLANG_ANALYZER_NONNULL = YES;
				CLANG_ANALYZER_NUMBER_OBJECT_CONVERSION = YES_AGGRESSIVE;
				CLANG_CXX_LANGUAGE_STANDARD = "gnu++14";
				CLANG_CXX_LIBRARY = "libc++";
				CLANG_ENABLE_MODULES = YES;
				CLANG_ENABLE_OBJC_ARC = YES;
				CLANG_ENABLE_OBJC_WEAK = YES;
				CLANG_WARN_BLOCK_CAPTURE_AUTORELEASING = YES;
				CLANG_WARN_BOOL_CONVERSION = YES;
				CLANG_WARN_COMMA = YES;
				CLANG_WARN_CONSTANT_CONVERSION = YES;
				CLANG_WARN_DEPRECATED_OBJC_IMPLEMENTATIONS = YES;
				CLANG_WARN_DIRECT_OBJC_ISA_USAGE = YES_ERROR;
				CLANG_WARN_DOCUMENTATION_COMMENTS = YES;
				CLANG_WARN_EMPTY_BODY = YES;
				CLANG_WARN_ENUM_CONVERSION = YES;
				CLANG_WARN_INFINITE_RECURSION = YES;
				CLANG_WARN_INT_CONVERSION = YES;
				CLANG_WARN_NON_LITERAL_NULL_CONVERSION = YES;
				CLANG_WARN_OBJC_IMPLICIT_RETAIN_SELF = YES;
				CLANG_WARN_OBJC_LITERAL_CONVERSION = YES;
				CLANG_WARN_OBJC_ROOT_CLASS = YES_ERROR;
				CLANG_WARN_RANGE_LOOP_ANALYSIS = YES;
				CLANG_WARN_STRICT_PROTOTYPES = YES;
				CLANG_WARN_SUSPICIOUS_MOVE = YES;
				CLANG_WARN_UNGUARDED_AVAILABILITY = YES_AGGRESSIVE;
				CLANG_WARN_UNREACHABLE_CODE = YES;
				CLANG_WARN__DUPLICATE_METHOD_MATCH = YES;
				COPY_PHASE_STRIP = NO;
				DEBUG_INFORMATION_FORMAT = dwarf;
				ENABLE_STRICT_OBJC_MSGSEND = YES;
				ENABLE_TESTABILITY = YES;
				GCC_C_LANGUAGE_STANDARD = gnu11;
				GCC_DYNAMIC_NO_PIC = NO;
				GCC_NO_COMMON_BLOCKS = YES;
				GCC_OPTIMIZATION_LEVEL = 0;
				GCC_PREPROCESSOR_DEFINITIONS = (
					"DEBUG=1",
					"$(inherited)",
				);
				GCC_WARN_64_TO_32_BIT_CONVERSION = YES;
				GCC_WARN_ABOUT_RETURN_TYPE = YES_ERROR;
				GCC_WARN_UNDECLARED_SELECTOR = YES;
				GCC_WARN_UNINITIALIZED_AUTOS = YES_AGGRESSIVE;
				GCC_WARN_UNUSED_FUNCTION = YES;
				GCC_WARN_UNUSED_VARIABLE = YES;
				IPHONEOS_DEPLOYMENT_TARGET = 13.0;
				MARKETING_VERSION = "";
				MTL_ENABLE_DEBUG_INFO = INCLUDE_SOURCE;
				MTL_FAST_MATH = YES;
				ONLY_ACTIVE_ARCH = YES;
				SDKROOT = iphoneos;
				SWIFT_ACTIVE_COMPILATION_CONDITIONS = DEBUG;
				SWIFT_OPTIMIZATION_LEVEL = "-Onone";
				VERSIONING_SYSTEM = "apple-generic";
			};
			name = Debug;
		};
		CF4DACE523DBA81900F60F63 /* Release */ = {
			isa = XCBuildConfiguration;
			buildSettings = {
				ALWAYS_SEARCH_USER_PATHS = NO;
				CLANG_ANALYZER_LOCALIZABILITY_NONLOCALIZED = YES;
				CLANG_ANALYZER_NONNULL = YES;
				CLANG_ANALYZER_NUMBER_OBJECT_CONVERSION = YES_AGGRESSIVE;
				CLANG_CXX_LANGUAGE_STANDARD = "gnu++14";
				CLANG_CXX_LIBRARY = "libc++";
				CLANG_ENABLE_MODULES = YES;
				CLANG_ENABLE_OBJC_ARC = YES;
				CLANG_ENABLE_OBJC_WEAK = YES;
				CLANG_WARN_BLOCK_CAPTURE_AUTORELEASING = YES;
				CLANG_WARN_BOOL_CONVERSION = YES;
				CLANG_WARN_COMMA = YES;
				CLANG_WARN_CONSTANT_CONVERSION = YES;
				CLANG_WARN_DEPRECATED_OBJC_IMPLEMENTATIONS = YES;
				CLANG_WARN_DIRECT_OBJC_ISA_USAGE = YES_ERROR;
				CLANG_WARN_DOCUMENTATION_COMMENTS = YES;
				CLANG_WARN_EMPTY_BODY = YES;
				CLANG_WARN_ENUM_CONVERSION = YES;
				CLANG_WARN_INFINITE_RECURSION = YES;
				CLANG_WARN_INT_CONVERSION = YES;
				CLANG_WARN_NON_LITERAL_NULL_CONVERSION = YES;
				CLANG_WARN_OBJC_IMPLICIT_RETAIN_SELF = YES;
				CLANG_WARN_OBJC_LITERAL_CONVERSION = YES;
				CLANG_WARN_OBJC_ROOT_CLASS = YES_ERROR;
				CLANG_WARN_RANGE_LOOP_ANALYSIS = YES;
				CLANG_WARN_STRICT_PROTOTYPES = YES;
				CLANG_WARN_SUSPICIOUS_MOVE = YES;
				CLANG_WARN_UNGUARDED_AVAILABILITY = YES_AGGRESSIVE;
				CLANG_WARN_UNREACHABLE_CODE = YES;
				CLANG_WARN__DUPLICATE_METHOD_MATCH = YES;
				COPY_PHASE_STRIP = NO;
				DEBUG_INFORMATION_FORMAT = "dwarf-with-dsym";
				ENABLE_NS_ASSERTIONS = NO;
				ENABLE_STRICT_OBJC_MSGSEND = YES;
				GCC_C_LANGUAGE_STANDARD = gnu11;
				GCC_NO_COMMON_BLOCKS = YES;
				GCC_WARN_64_TO_32_BIT_CONVERSION = YES;
				GCC_WARN_ABOUT_RETURN_TYPE = YES_ERROR;
				GCC_WARN_UNDECLARED_SELECTOR = YES;
				GCC_WARN_UNINITIALIZED_AUTOS = YES_AGGRESSIVE;
				GCC_WARN_UNUSED_FUNCTION = YES;
				GCC_WARN_UNUSED_VARIABLE = YES;
				IPHONEOS_DEPLOYMENT_TARGET = 13.0;
				MARKETING_VERSION = "";
				MTL_ENABLE_DEBUG_INFO = NO;
				MTL_FAST_MATH = YES;
				SDKROOT = iphoneos;
				SWIFT_COMPILATION_MODE = wholemodule;
				SWIFT_OPTIMIZATION_LEVEL = "-O";
				VALIDATE_PRODUCT = YES;
				VERSIONING_SYSTEM = "apple-generic";
			};
			name = Release;
		};
		CF4DACE723DBA81900F60F63 /* Debug */ = {
			isa = XCBuildConfiguration;
			buildSettings = {
				ASSETCATALOG_COMPILER_APPICON_NAME = AppIcon;
				CODE_SIGN_STYLE = Automatic;
				DEVELOPMENT_ASSET_PATHS = "\"toscoz/Preview Content\"";
				DEVELOPMENT_TEAM = 6CHZFW8V57;
				ENABLE_PREVIEWS = YES;
				INFOPLIST_FILE = toscoz/Info.plist;
				LD_RUNPATH_SEARCH_PATHS = (
					"$(inherited)",
					"@executable_path/Frameworks",
				);
				MARKETING_VERSION = "";
				PRODUCT_BUNDLE_IDENTIFIER = com.jjorgemoura.toscoz;
				PRODUCT_NAME = "$(TARGET_NAME)";
				SWIFT_VERSION = 5.0;
				TARGETED_DEVICE_FAMILY = "1,2";
			};
			name = Debug;
		};
		CF4DACE823DBA81900F60F63 /* Release */ = {
			isa = XCBuildConfiguration;
			buildSettings = {
				ASSETCATALOG_COMPILER_APPICON_NAME = AppIcon;
				CODE_SIGN_STYLE = Automatic;
				DEVELOPMENT_ASSET_PATHS = "\"toscoz/Preview Content\"";
				DEVELOPMENT_TEAM = 6CHZFW8V57;
				ENABLE_PREVIEWS = YES;
				INFOPLIST_FILE = toscoz/Info.plist;
				LD_RUNPATH_SEARCH_PATHS = (
					"$(inherited)",
					"@executable_path/Frameworks",
				);
				MARKETING_VERSION = "";
				PRODUCT_BUNDLE_IDENTIFIER = com.jjorgemoura.toscoz;
				PRODUCT_NAME = "$(TARGET_NAME)";
				SWIFT_VERSION = 5.0;
				TARGETED_DEVICE_FAMILY = "1,2";
			};
			name = Release;
		};
		CF4DACEA23DBA81900F60F63 /* Debug */ = {
			isa = XCBuildConfiguration;
			buildSettings = {
				ALWAYS_EMBED_SWIFT_STANDARD_LIBRARIES = YES;
				BUNDLE_LOADER = "$(TEST_HOST)";
				CODE_SIGN_STYLE = Automatic;
				DEVELOPMENT_TEAM = 6CHZFW8V57;
				INFOPLIST_FILE = toscozTests/Info.plist;
				IPHONEOS_DEPLOYMENT_TARGET = 13.2;
				LD_RUNPATH_SEARCH_PATHS = (
					"$(inherited)",
					"@executable_path/Frameworks",
					"@loader_path/Frameworks",
				);
				MARKETING_VERSION = "";
				PRODUCT_BUNDLE_IDENTIFIER = com.jjorgemoura.toscozTests;
				PRODUCT_NAME = "$(TARGET_NAME)";
				SWIFT_VERSION = 5.0;
				TARGETED_DEVICE_FAMILY = "1,2";
				TEST_HOST = "$(BUILT_PRODUCTS_DIR)/toscoz.app/toscoz";
			};
			name = Debug;
		};
		CF4DACEB23DBA81900F60F63 /* Release */ = {
			isa = XCBuildConfiguration;
			buildSettings = {
				ALWAYS_EMBED_SWIFT_STANDARD_LIBRARIES = YES;
				BUNDLE_LOADER = "$(TEST_HOST)";
				CODE_SIGN_STYLE = Automatic;
				DEVELOPMENT_TEAM = 6CHZFW8V57;
				INFOPLIST_FILE = toscozTests/Info.plist;
				IPHONEOS_DEPLOYMENT_TARGET = 13.2;
				LD_RUNPATH_SEARCH_PATHS = (
					"$(inherited)",
					"@executable_path/Frameworks",
					"@loader_path/Frameworks",
				);
				MARKETING_VERSION = "";
				PRODUCT_BUNDLE_IDENTIFIER = com.jjorgemoura.toscozTests;
				PRODUCT_NAME = "$(TARGET_NAME)";
				SWIFT_VERSION = 5.0;
				TARGETED_DEVICE_FAMILY = "1,2";
				TEST_HOST = "$(BUILT_PRODUCTS_DIR)/toscoz.app/toscoz";
			};
			name = Release;
		};
/* End XCBuildConfiguration section */

/* Begin XCConfigurationList section */
		CF4DACC223DBA81600F60F63 /* Build configuration list for PBXProject "toscoz" */ = {
			isa = XCConfigurationList;
			buildConfigurations = (
				CF4DACE423DBA81900F60F63 /* Debug */,
				CF4DACE523DBA81900F60F63 /* Release */,
			);
			defaultConfigurationIsVisible = 0;
			defaultConfigurationName = Release;
		};
		CF4DACE623DBA81900F60F63 /* Build configuration list for PBXNativeTarget "toscoz" */ = {
			isa = XCConfigurationList;
			buildConfigurations = (
				CF4DACE723DBA81900F60F63 /* Debug */,
				CF4DACE823DBA81900F60F63 /* Release */,
			);
			defaultConfigurationIsVisible = 0;
			defaultConfigurationName = Release;
		};
		CF4DACE923DBA81900F60F63 /* Build configuration list for PBXNativeTarget "toscozTests" */ = {
			isa = XCConfigurationList;
			buildConfigurations = (
				CF4DACEA23DBA81900F60F63 /* Debug */,
				CF4DACEB23DBA81900F60F63 /* Release */,
			);
			defaultConfigurationIsVisible = 0;
			defaultConfigurationName = Release;
		};
/* End XCConfigurationList section */
	};
	rootObject = CF4DACBF23DBA81600F60F63 /* Project object */;
}
