// !$*UTF8*$!
{
	archiveVersion = 1;
	classes = {
	};
	objectVersion = 48;
	objects = {

/* Begin PBXBuildFile section */
		B41460871F9A7F7A00AEA919 /* HomeTabBarCoordinator.swift in Sources */ = {isa = PBXBuildFile; fileRef = B41460861F9A7F7A00AEA919 /* HomeTabBarCoordinator.swift */; };
		B41978691EF5B94D00AD2F03 /* Assets.xcassets in Resources */ = {isa = PBXBuildFile; fileRef = B41978671EF5B92D00AD2F03 /* Assets.xcassets */; };
		B427FAD31EF58834005FE9A2 /* AppDelegate.swift in Sources */ = {isa = PBXBuildFile; fileRef = B427FAD21EF58834005FE9A2 /* AppDelegate.swift */; };
		B427FAE81EF58835005FE9A2 /* ToscozTests.swift in Sources */ = {isa = PBXBuildFile; fileRef = B427FAE71EF58835005FE9A2 /* ToscozTests.swift */; };
		B427FAF31EF58835005FE9A2 /* ToscozUITests.swift in Sources */ = {isa = PBXBuildFile; fileRef = B427FAF21EF58835005FE9A2 /* ToscozUITests.swift */; };
		B46F09181F9AAB5600C1A357 /* Rootable.swift in Sources */ = {isa = PBXBuildFile; fileRef = B46F09171F9AAB5600C1A357 /* Rootable.swift */; };
		B46F091A1F9AAB6200C1A357 /* Navigationable.swift in Sources */ = {isa = PBXBuildFile; fileRef = B46F09191F9AAB6200C1A357 /* Navigationable.swift */; };
		B493F35C1F857EA90076A417 /* HomeViewModel.swift in Sources */ = {isa = PBXBuildFile; fileRef = B493F3541F857EA90076A417 /* HomeViewModel.swift */; };
		B493F35D1F857EA90076A417 /* UserViewController.swift in Sources */ = {isa = PBXBuildFile; fileRef = B493F3551F857EA90076A417 /* UserViewController.swift */; };
		B493F35E1F857EA90076A417 /* HomeViewController.xib in Resources */ = {isa = PBXBuildFile; fileRef = B493F3561F857EA90076A417 /* HomeViewController.xib */; };
		B493F35F1F857EA90076A417 /* UserHomeCoordinator.swift in Sources */ = {isa = PBXBuildFile; fileRef = B493F3571F857EA90076A417 /* UserHomeCoordinator.swift */; };
		B493F3601F857EA90076A417 /* UserViewController.xib in Resources */ = {isa = PBXBuildFile; fileRef = B493F3581F857EA90076A417 /* UserViewController.xib */; };
		B493F3611F857EA90076A417 /* HomeViewController.swift in Sources */ = {isa = PBXBuildFile; fileRef = B493F3591F857EA90076A417 /* HomeViewController.swift */; };
		B493F3621F857EA90076A417 /* StandardHomeViewModel.swift in Sources */ = {isa = PBXBuildFile; fileRef = B493F35A1F857EA90076A417 /* StandardHomeViewModel.swift */; };
		B493F36B1F857EB10076A417 /* PlayerAlbumViewController.swift in Sources */ = {isa = PBXBuildFile; fileRef = B493F3631F857EB10076A417 /* PlayerAlbumViewController.swift */; };
		B493F36C1F857EB10076A417 /* PlayerViewController.swift in Sources */ = {isa = PBXBuildFile; fileRef = B493F3641F857EB10076A417 /* PlayerViewController.swift */; };
		B493F36D1F857EB10076A417 /* PlayerAlbumViewController.xib in Resources */ = {isa = PBXBuildFile; fileRef = B493F3651F857EB10076A417 /* PlayerAlbumViewController.xib */; };
		B493F36E1F857EB10076A417 /* TechnicalInfoViewController.swift in Sources */ = {isa = PBXBuildFile; fileRef = B493F3661F857EB10076A417 /* TechnicalInfoViewController.swift */; };
		B493F36F1F857EB10076A417 /* TechnicalInfoViewController.xib in Resources */ = {isa = PBXBuildFile; fileRef = B493F3671F857EB10076A417 /* TechnicalInfoViewController.xib */; };
		B493F3701F857EB10076A417 /* PlayerViewModel.swift in Sources */ = {isa = PBXBuildFile; fileRef = B493F3681F857EB10076A417 /* PlayerViewModel.swift */; };
		B493F3711F857EB10076A417 /* PlayerCoordinator.swift in Sources */ = {isa = PBXBuildFile; fileRef = B493F3691F857EB10076A417 /* PlayerCoordinator.swift */; };
		B493F3721F857EB10076A417 /* PlayerViewController.xib in Resources */ = {isa = PBXBuildFile; fileRef = B493F36A1F857EB10076A417 /* PlayerViewController.xib */; };
		B493F3761F857EBA0076A417 /* SettingsMainViewController.swift in Sources */ = {isa = PBXBuildFile; fileRef = B493F3731F857EBA0076A417 /* SettingsMainViewController.swift */; };
		B493F3771F857EBA0076A417 /* SettingsMainViewController.xib in Resources */ = {isa = PBXBuildFile; fileRef = B493F3741F857EBA0076A417 /* SettingsMainViewController.xib */; };
		B493F3781F857EBA0076A417 /* SettingsCoordinator.swift in Sources */ = {isa = PBXBuildFile; fileRef = B493F3751F857EBA0076A417 /* SettingsCoordinator.swift */; };
		B493F37E1F857EC10076A417 /* SearchViewController.xib in Resources */ = {isa = PBXBuildFile; fileRef = B493F37A1F857EC10076A417 /* SearchViewController.xib */; };
		B493F37F1F857EC10076A417 /* SearchViewController.swift in Sources */ = {isa = PBXBuildFile; fileRef = B493F37B1F857EC10076A417 /* SearchViewController.swift */; };
		B493F3801F857EC20076A417 /* SearchViewModel.swift in Sources */ = {isa = PBXBuildFile; fileRef = B493F37C1F857EC10076A417 /* SearchViewModel.swift */; };
		B493F3891F857F020076A417 /* Song.swift in Sources */ = {isa = PBXBuildFile; fileRef = B493F3841F857F020076A417 /* Song.swift */; };
		B493F38A1F857F020076A417 /* SpotifyService.swift in Sources */ = {isa = PBXBuildFile; fileRef = B493F3851F857F020076A417 /* SpotifyService.swift */; };
		B493F38B1F857F020076A417 /* Album.swift in Sources */ = {isa = PBXBuildFile; fileRef = B493F3861F857F020076A417 /* Album.swift */; };
		B493F38C1F857F020076A417 /* Artist.swift in Sources */ = {isa = PBXBuildFile; fileRef = B493F3871F857F020076A417 /* Artist.swift */; };
		B493F38D1F857F020076A417 /* StandardSpotifyService.swift in Sources */ = {isa = PBXBuildFile; fileRef = B493F3881F857F020076A417 /* StandardSpotifyService.swift */; };
		B493F3901F857F090076A417 /* AppCoordinator.swift in Sources */ = {isa = PBXBuildFile; fileRef = B493F38E1F857F090076A417 /* AppCoordinator.swift */; };
		B493F3911F857F090076A417 /* Coordinator.swift in Sources */ = {isa = PBXBuildFile; fileRef = B493F38F1F857F090076A417 /* Coordinator.swift */; };
		B4C47D591F2262AD0055A8B8 /* LaunchScreen.storyboard in Resources */ = {isa = PBXBuildFile; fileRef = B4C47D571F2262AD0055A8B8 /* LaunchScreen.storyboard */; };
		B4E3B6C01F93701D00CE98D0 /* SpotifyLogin.framework in Frameworks */ = {isa = PBXBuildFile; fileRef = B4E3B6BF1F93701D00CE98D0 /* SpotifyLogin.framework */; };
		CF5B2A8E1F86C46800684D8A /* RxCocoa.framework in Frameworks */ = {isa = PBXBuildFile; fileRef = CF5B2A8C1F86C46800684D8A /* RxCocoa.framework */; };
		CF5B2A8F1F86C46800684D8A /* RxSwift.framework in Frameworks */ = {isa = PBXBuildFile; fileRef = CF5B2A8D1F86C46800684D8A /* RxSwift.framework */; };
/* End PBXBuildFile section */

/* Begin PBXContainerItemProxy section */
		B427FAE41EF58835005FE9A2 /* PBXContainerItemProxy */ = {
			isa = PBXContainerItemProxy;
			containerPortal = B427FAC71EF58834005FE9A2 /* Project object */;
			proxyType = 1;
			remoteGlobalIDString = B427FACE1EF58834005FE9A2;
			remoteInfo = toscoz;
		};
		B427FAEF1EF58835005FE9A2 /* PBXContainerItemProxy */ = {
			isa = PBXContainerItemProxy;
			containerPortal = B427FAC71EF58834005FE9A2 /* Project object */;
			proxyType = 1;
			remoteGlobalIDString = B427FACE1EF58834005FE9A2;
			remoteInfo = toscoz;
		};
/* End PBXContainerItemProxy section */

/* Begin PBXFileReference section */
		B41460861F9A7F7A00AEA919 /* HomeTabBarCoordinator.swift */ = {isa = PBXFileReference; lastKnownFileType = sourcecode.swift; path = HomeTabBarCoordinator.swift; sourceTree = "<group>"; };
		B41978671EF5B92D00AD2F03 /* Assets.xcassets */ = {isa = PBXFileReference; lastKnownFileType = folder.assetcatalog; path = Assets.xcassets; sourceTree = "<group>"; };
		B41978681EF5B92D00AD2F03 /* Info.plist */ = {isa = PBXFileReference; lastKnownFileType = text.plist.xml; path = Info.plist; sourceTree = "<group>"; };
		B427FACF1EF58834005FE9A2 /* toscoz.app */ = {isa = PBXFileReference; explicitFileType = wrapper.application; includeInIndex = 0; path = toscoz.app; sourceTree = BUILT_PRODUCTS_DIR; };
		B427FAD21EF58834005FE9A2 /* AppDelegate.swift */ = {isa = PBXFileReference; lastKnownFileType = sourcecode.swift; path = AppDelegate.swift; sourceTree = "<group>"; };
		B427FAE31EF58835005FE9A2 /* toscozTests.xctest */ = {isa = PBXFileReference; explicitFileType = wrapper.cfbundle; includeInIndex = 0; path = toscozTests.xctest; sourceTree = BUILT_PRODUCTS_DIR; };
		B427FAE71EF58835005FE9A2 /* ToscozTests.swift */ = {isa = PBXFileReference; lastKnownFileType = sourcecode.swift; path = ToscozTests.swift; sourceTree = "<group>"; };
		B427FAE91EF58835005FE9A2 /* Info.plist */ = {isa = PBXFileReference; lastKnownFileType = text.plist.xml; path = Info.plist; sourceTree = "<group>"; };
		B427FAEE1EF58835005FE9A2 /* toscozUITests.xctest */ = {isa = PBXFileReference; explicitFileType = wrapper.cfbundle; includeInIndex = 0; path = toscozUITests.xctest; sourceTree = BUILT_PRODUCTS_DIR; };
		B427FAF21EF58835005FE9A2 /* ToscozUITests.swift */ = {isa = PBXFileReference; lastKnownFileType = sourcecode.swift; path = ToscozUITests.swift; sourceTree = "<group>"; };
		B427FAF41EF58835005FE9A2 /* Info.plist */ = {isa = PBXFileReference; lastKnownFileType = text.plist.xml; path = Info.plist; sourceTree = "<group>"; };
		B46F09171F9AAB5600C1A357 /* Rootable.swift */ = {isa = PBXFileReference; lastKnownFileType = sourcecode.swift; path = Rootable.swift; sourceTree = "<group>"; };
		B46F09191F9AAB6200C1A357 /* Navigationable.swift */ = {isa = PBXFileReference; lastKnownFileType = sourcecode.swift; path = Navigationable.swift; sourceTree = "<group>"; };
		B493F3541F857EA90076A417 /* HomeViewModel.swift */ = {isa = PBXFileReference; fileEncoding = 4; lastKnownFileType = sourcecode.swift; path = HomeViewModel.swift; sourceTree = "<group>"; };
		B493F3551F857EA90076A417 /* UserViewController.swift */ = {isa = PBXFileReference; fileEncoding = 4; lastKnownFileType = sourcecode.swift; path = UserViewController.swift; sourceTree = "<group>"; };
		B493F3561F857EA90076A417 /* HomeViewController.xib */ = {isa = PBXFileReference; fileEncoding = 4; lastKnownFileType = file.xib; path = HomeViewController.xib; sourceTree = "<group>"; };
		B493F3571F857EA90076A417 /* UserHomeCoordinator.swift */ = {isa = PBXFileReference; fileEncoding = 4; lastKnownFileType = sourcecode.swift; path = UserHomeCoordinator.swift; sourceTree = "<group>"; };
		B493F3581F857EA90076A417 /* UserViewController.xib */ = {isa = PBXFileReference; fileEncoding = 4; lastKnownFileType = file.xib; path = UserViewController.xib; sourceTree = "<group>"; };
		B493F3591F857EA90076A417 /* HomeViewController.swift */ = {isa = PBXFileReference; fileEncoding = 4; lastKnownFileType = sourcecode.swift; path = HomeViewController.swift; sourceTree = "<group>"; };
		B493F35A1F857EA90076A417 /* StandardHomeViewModel.swift */ = {isa = PBXFileReference; fileEncoding = 4; lastKnownFileType = sourcecode.swift; path = StandardHomeViewModel.swift; sourceTree = "<group>"; };
		B493F3631F857EB10076A417 /* PlayerAlbumViewController.swift */ = {isa = PBXFileReference; fileEncoding = 4; lastKnownFileType = sourcecode.swift; path = PlayerAlbumViewController.swift; sourceTree = "<group>"; };
		B493F3641F857EB10076A417 /* PlayerViewController.swift */ = {isa = PBXFileReference; fileEncoding = 4; lastKnownFileType = sourcecode.swift; path = PlayerViewController.swift; sourceTree = "<group>"; };
		B493F3651F857EB10076A417 /* PlayerAlbumViewController.xib */ = {isa = PBXFileReference; fileEncoding = 4; lastKnownFileType = file.xib; path = PlayerAlbumViewController.xib; sourceTree = "<group>"; };
		B493F3661F857EB10076A417 /* TechnicalInfoViewController.swift */ = {isa = PBXFileReference; fileEncoding = 4; lastKnownFileType = sourcecode.swift; path = TechnicalInfoViewController.swift; sourceTree = "<group>"; };
		B493F3671F857EB10076A417 /* TechnicalInfoViewController.xib */ = {isa = PBXFileReference; fileEncoding = 4; lastKnownFileType = file.xib; path = TechnicalInfoViewController.xib; sourceTree = "<group>"; };
		B493F3681F857EB10076A417 /* PlayerViewModel.swift */ = {isa = PBXFileReference; fileEncoding = 4; lastKnownFileType = sourcecode.swift; path = PlayerViewModel.swift; sourceTree = "<group>"; };
		B493F3691F857EB10076A417 /* PlayerCoordinator.swift */ = {isa = PBXFileReference; fileEncoding = 4; lastKnownFileType = sourcecode.swift; path = PlayerCoordinator.swift; sourceTree = "<group>"; };
		B493F36A1F857EB10076A417 /* PlayerViewController.xib */ = {isa = PBXFileReference; fileEncoding = 4; lastKnownFileType = file.xib; path = PlayerViewController.xib; sourceTree = "<group>"; };
		B493F3731F857EBA0076A417 /* SettingsMainViewController.swift */ = {isa = PBXFileReference; fileEncoding = 4; lastKnownFileType = sourcecode.swift; path = SettingsMainViewController.swift; sourceTree = "<group>"; };
		B493F3741F857EBA0076A417 /* SettingsMainViewController.xib */ = {isa = PBXFileReference; fileEncoding = 4; lastKnownFileType = file.xib; path = SettingsMainViewController.xib; sourceTree = "<group>"; };
		B493F3751F857EBA0076A417 /* SettingsCoordinator.swift */ = {isa = PBXFileReference; fileEncoding = 4; lastKnownFileType = sourcecode.swift; path = SettingsCoordinator.swift; sourceTree = "<group>"; };
		B493F37A1F857EC10076A417 /* SearchViewController.xib */ = {isa = PBXFileReference; fileEncoding = 4; lastKnownFileType = file.xib; path = SearchViewController.xib; sourceTree = "<group>"; };
		B493F37B1F857EC10076A417 /* SearchViewController.swift */ = {isa = PBXFileReference; fileEncoding = 4; lastKnownFileType = sourcecode.swift; path = SearchViewController.swift; sourceTree = "<group>"; };
		B493F37C1F857EC10076A417 /* SearchViewModel.swift */ = {isa = PBXFileReference; fileEncoding = 4; lastKnownFileType = sourcecode.swift; path = SearchViewModel.swift; sourceTree = "<group>"; };
		B493F3841F857F020076A417 /* Song.swift */ = {isa = PBXFileReference; fileEncoding = 4; lastKnownFileType = sourcecode.swift; path = Song.swift; sourceTree = "<group>"; };
		B493F3851F857F020076A417 /* SpotifyService.swift */ = {isa = PBXFileReference; fileEncoding = 4; lastKnownFileType = sourcecode.swift; path = SpotifyService.swift; sourceTree = "<group>"; };
		B493F3861F857F020076A417 /* Album.swift */ = {isa = PBXFileReference; fileEncoding = 4; lastKnownFileType = sourcecode.swift; path = Album.swift; sourceTree = "<group>"; };
		B493F3871F857F020076A417 /* Artist.swift */ = {isa = PBXFileReference; fileEncoding = 4; lastKnownFileType = sourcecode.swift; path = Artist.swift; sourceTree = "<group>"; };
		B493F3881F857F020076A417 /* StandardSpotifyService.swift */ = {isa = PBXFileReference; fileEncoding = 4; lastKnownFileType = sourcecode.swift; path = StandardSpotifyService.swift; sourceTree = "<group>"; };
		B493F38E1F857F090076A417 /* AppCoordinator.swift */ = {isa = PBXFileReference; fileEncoding = 4; lastKnownFileType = sourcecode.swift; path = AppCoordinator.swift; sourceTree = "<group>"; };
		B493F38F1F857F090076A417 /* Coordinator.swift */ = {isa = PBXFileReference; fileEncoding = 4; lastKnownFileType = sourcecode.swift; path = Coordinator.swift; sourceTree = "<group>"; };
		B4C47D581F2262AD0055A8B8 /* Base */ = {isa = PBXFileReference; lastKnownFileType = file.storyboard; name = Base; path = toscoz/Base.lproj/LaunchScreen.storyboard; sourceTree = SOURCE_ROOT; };
		B4E3B6BF1F93701D00CE98D0 /* SpotifyLogin.framework */ = {isa = PBXFileReference; lastKnownFileType = wrapper.framework; name = SpotifyLogin.framework; path = Carthage/Build/iOS/SpotifyLogin.framework; sourceTree = "<group>"; };
		CF5B2A8C1F86C46800684D8A /* RxCocoa.framework */ = {isa = PBXFileReference; lastKnownFileType = wrapper.framework; name = RxCocoa.framework; path = Carthage/Build/iOS/RxCocoa.framework; sourceTree = "<group>"; };
		CF5B2A8D1F86C46800684D8A /* RxSwift.framework */ = {isa = PBXFileReference; lastKnownFileType = wrapper.framework; name = RxSwift.framework; path = Carthage/Build/iOS/RxSwift.framework; sourceTree = "<group>"; };
		CF5B2A9F1F86CE1700684D8A /* RxTest.framework */ = {isa = PBXFileReference; lastKnownFileType = wrapper.framework; name = RxTest.framework; path = Carthage/Build/iOS/RxTest.framework; sourceTree = "<group>"; };
		CF5B2AA01F86CE1700684D8A /* RxBlocking.framework */ = {isa = PBXFileReference; lastKnownFileType = wrapper.framework; name = RxBlocking.framework; path = Carthage/Build/iOS/RxBlocking.framework; sourceTree = "<group>"; };
/* End PBXFileReference section */

/* Begin PBXFrameworksBuildPhase section */
		B427FACC1EF58834005FE9A2 /* Frameworks */ = {
			isa = PBXFrameworksBuildPhase;
			buildActionMask = 2147483647;
			files = (
				CF5B2A8E1F86C46800684D8A /* RxCocoa.framework in Frameworks */,
				CF5B2A8F1F86C46800684D8A /* RxSwift.framework in Frameworks */,
				B4E3B6C01F93701D00CE98D0 /* SpotifyLogin.framework in Frameworks */,
			);
			runOnlyForDeploymentPostprocessing = 0;
		};
		B427FAE01EF58835005FE9A2 /* Frameworks */ = {
			isa = PBXFrameworksBuildPhase;
			buildActionMask = 2147483647;
			files = (
			);
			runOnlyForDeploymentPostprocessing = 0;
		};
		B427FAEB1EF58835005FE9A2 /* Frameworks */ = {
			isa = PBXFrameworksBuildPhase;
			buildActionMask = 2147483647;
			files = (
			);
			runOnlyForDeploymentPostprocessing = 0;
		};
/* End PBXFrameworksBuildPhase section */

/* Begin PBXGroup section */
		B41451441F9938FA000ECFE8 /* homepage */ = {
			isa = PBXGroup;
			children = (
				B414608A1F9A818500AEA919 /* player */,
				B41460891F9A817E00AEA919 /* search */,
				B41460881F9A816300AEA919 /* homepage */,
				B41460861F9A7F7A00AEA919 /* HomeTabBarCoordinator.swift */,
			);
			path = homepage;
			sourceTree = "<group>";
		};
		B414514D1F993AEB000ECFE8 /* protocols */ = {
			isa = PBXGroup;
			children = (
				B493F38F1F857F090076A417 /* Coordinator.swift */,
				B46F09171F9AAB5600C1A357 /* Rootable.swift */,
				B46F09191F9AAB6200C1A357 /* Navigationable.swift */,
			);
			path = protocols;
			sourceTree = "<group>";
		};
		B41460881F9A816300AEA919 /* homepage */ = {
			isa = PBXGroup;
			children = (
				B493F3591F857EA90076A417 /* HomeViewController.swift */,
				B493F3561F857EA90076A417 /* HomeViewController.xib */,
				B493F3541F857EA90076A417 /* HomeViewModel.swift */,
			);
			path = homepage;
			sourceTree = "<group>";
		};
		B41460891F9A817E00AEA919 /* search */ = {
			isa = PBXGroup;
			children = (
				B493F37B1F857EC10076A417 /* SearchViewController.swift */,
				B493F37A1F857EC10076A417 /* SearchViewController.xib */,
				B493F37C1F857EC10076A417 /* SearchViewModel.swift */,
			);
			path = search;
			sourceTree = "<group>";
		};
		B414608A1F9A818500AEA919 /* player */ = {
			isa = PBXGroup;
			children = (
			);
			path = player;
			sourceTree = "<group>";
		};
		B41978661EF5B8FE00AD2F03 /* resources */ = {
			isa = PBXGroup;
			children = (
				B41978671EF5B92D00AD2F03 /* Assets.xcassets */,
				B41978681EF5B92D00AD2F03 /* Info.plist */,
				B4C47D571F2262AD0055A8B8 /* LaunchScreen.storyboard */,
			);
			path = resources;
			sourceTree = "<group>";
		};
		B427FAC61EF58834005FE9A2 = {
			isa = PBXGroup;
			children = (
				B427FAD11EF58834005FE9A2 /* toscoz */,
				B427FAE61EF58835005FE9A2 /* toscozTests */,
				B427FAF11EF58835005FE9A2 /* toscozUITests */,
				B427FAD01EF58834005FE9A2 /* Products */,
				CF5B2A8B1F86C46700684D8A /* Frameworks */,
			);
			sourceTree = "<group>";
		};
		B427FAD01EF58834005FE9A2 /* Products */ = {
			isa = PBXGroup;
			children = (
				B427FACF1EF58834005FE9A2 /* toscoz.app */,
				B427FAE31EF58835005FE9A2 /* toscozTests.xctest */,
				B427FAEE1EF58835005FE9A2 /* toscozUITests.xctest */,
			);
			name = Products;
			sourceTree = "<group>";
		};
		B427FAD11EF58834005FE9A2 /* toscoz */ = {
			isa = PBXGroup;
			children = (
				B427FAD21EF58834005FE9A2 /* AppDelegate.swift */,
				B493F3811F857ECE0076A417 /* common */,
				B493F34B1F857DF70076A417 /* features */,
				B41978661EF5B8FE00AD2F03 /* resources */,
			);
			path = toscoz;
			sourceTree = "<group>";
		};
		B427FAE61EF58835005FE9A2 /* toscozTests */ = {
			isa = PBXGroup;
			children = (
				B427FAE71EF58835005FE9A2 /* ToscozTests.swift */,
				B427FAE91EF58835005FE9A2 /* Info.plist */,
			);
			path = toscozTests;
			sourceTree = "<group>";
		};
		B427FAF11EF58835005FE9A2 /* toscozUITests */ = {
			isa = PBXGroup;
			children = (
				B427FAF21EF58835005FE9A2 /* ToscozUITests.swift */,
				B427FAF41EF58835005FE9A2 /* Info.plist */,
			);
			path = toscozUITests;
			sourceTree = "<group>";
		};
		B493F34B1F857DF70076A417 /* features */ = {
			isa = PBXGroup;
			children = (
				B41451441F9938FA000ECFE8 /* homepage */,
				B493F34D1F857E360076A417 /* home */,
				B493F3521F857E740076A417 /* player */,
				B493F3511F857E660076A417 /* settings */,
			);
			path = features;
			sourceTree = "<group>";
		};
		B493F34D1F857E360076A417 /* home */ = {
			isa = PBXGroup;
			children = (
				B493F35A1F857EA90076A417 /* StandardHomeViewModel.swift */,
				B493F3571F857EA90076A417 /* UserHomeCoordinator.swift */,
				B493F3551F857EA90076A417 /* UserViewController.swift */,
				B493F3581F857EA90076A417 /* UserViewController.xib */,
			);
			path = home;
			sourceTree = "<group>";
		};
		B493F3511F857E660076A417 /* settings */ = {
			isa = PBXGroup;
			children = (
				B493F3751F857EBA0076A417 /* SettingsCoordinator.swift */,
				B493F3731F857EBA0076A417 /* SettingsMainViewController.swift */,
				B493F3741F857EBA0076A417 /* SettingsMainViewController.xib */,
			);
			path = settings;
			sourceTree = "<group>";
		};
		B493F3521F857E740076A417 /* player */ = {
			isa = PBXGroup;
			children = (
				B493F3631F857EB10076A417 /* PlayerAlbumViewController.swift */,
				B493F3651F857EB10076A417 /* PlayerAlbumViewController.xib */,
				B493F3691F857EB10076A417 /* PlayerCoordinator.swift */,
				B493F3641F857EB10076A417 /* PlayerViewController.swift */,
				B493F36A1F857EB10076A417 /* PlayerViewController.xib */,
				B493F3681F857EB10076A417 /* PlayerViewModel.swift */,
				B493F3661F857EB10076A417 /* TechnicalInfoViewController.swift */,
				B493F3671F857EB10076A417 /* TechnicalInfoViewController.xib */,
			);
			path = player;
			sourceTree = "<group>";
		};
		B493F3811F857ECE0076A417 /* common */ = {
			isa = PBXGroup;
			children = (
				B493F3821F857EDD0076A417 /* coordinator */,
				B493F3831F857EE30076A417 /* services */,
			);
			path = common;
			sourceTree = "<group>";
		};
		B493F3821F857EDD0076A417 /* coordinator */ = {
			isa = PBXGroup;
			children = (
				B414514D1F993AEB000ECFE8 /* protocols */,
				B493F38E1F857F090076A417 /* AppCoordinator.swift */,
			);
			name = coordinator;
			path = coordinators;
			sourceTree = "<group>";
		};
		B493F3831F857EE30076A417 /* services */ = {
			isa = PBXGroup;
			children = (
				B493F3861F857F020076A417 /* Album.swift */,
				B493F3871F857F020076A417 /* Artist.swift */,
				B493F3841F857F020076A417 /* Song.swift */,
				B493F3851F857F020076A417 /* SpotifyService.swift */,
				B493F3881F857F020076A417 /* StandardSpotifyService.swift */,
			);
			path = services;
			sourceTree = "<group>";
		};
		CF5B2A8B1F86C46700684D8A /* Frameworks */ = {
			isa = PBXGroup;
			children = (
				B4E3B6BF1F93701D00CE98D0 /* SpotifyLogin.framework */,
				CF5B2AA01F86CE1700684D8A /* RxBlocking.framework */,
				CF5B2A9F1F86CE1700684D8A /* RxTest.framework */,
				CF5B2A8C1F86C46800684D8A /* RxCocoa.framework */,
				CF5B2A8D1F86C46800684D8A /* RxSwift.framework */,
			);
			name = Frameworks;
			sourceTree = "<group>";
		};
/* End PBXGroup section */

/* Begin PBXNativeTarget section */
		B427FACE1EF58834005FE9A2 /* toscoz */ = {
			isa = PBXNativeTarget;
			buildConfigurationList = B427FAF71EF58835005FE9A2 /* Build configuration list for PBXNativeTarget "toscoz" */;
			buildPhases = (
				B427FACB1EF58834005FE9A2 /* Sources */,
				B427FACC1EF58834005FE9A2 /* Frameworks */,
				B427FACD1EF58834005FE9A2 /* Resources */,
				CF5B2A901F86C49600684D8A /* ShellScript */,
				B45FA0CE1F93A0F000CC6C6A /* ShellScript */,
			);
			buildRules = (
			);
			dependencies = (
			);
			name = toscoz;
			productName = toscoz;
			productReference = B427FACF1EF58834005FE9A2 /* toscoz.app */;
			productType = "com.apple.product-type.application";
		};
		B427FAE21EF58835005FE9A2 /* toscozTests */ = {
			isa = PBXNativeTarget;
			buildConfigurationList = B427FAFA1EF58835005FE9A2 /* Build configuration list for PBXNativeTarget "toscozTests" */;
			buildPhases = (
				B427FADF1EF58835005FE9A2 /* Sources */,
				B427FAE01EF58835005FE9A2 /* Frameworks */,
				B427FAE11EF58835005FE9A2 /* Resources */,
			);
			buildRules = (
			);
			dependencies = (
				B427FAE51EF58835005FE9A2 /* PBXTargetDependency */,
			);
			name = toscozTests;
			productName = toscozTests;
			productReference = B427FAE31EF58835005FE9A2 /* toscozTests.xctest */;
			productType = "com.apple.product-type.bundle.unit-test";
		};
		B427FAED1EF58835005FE9A2 /* toscozUITests */ = {
			isa = PBXNativeTarget;
			buildConfigurationList = B427FAFD1EF58835005FE9A2 /* Build configuration list for PBXNativeTarget "toscozUITests" */;
			buildPhases = (
				B427FAEA1EF58835005FE9A2 /* Sources */,
				B427FAEB1EF58835005FE9A2 /* Frameworks */,
				B427FAEC1EF58835005FE9A2 /* Resources */,
			);
			buildRules = (
			);
			dependencies = (
				B427FAF01EF58835005FE9A2 /* PBXTargetDependency */,
			);
			name = toscozUITests;
			productName = toscozUITests;
			productReference = B427FAEE1EF58835005FE9A2 /* toscozUITests.xctest */;
			productType = "com.apple.product-type.bundle.ui-testing";
		};
/* End PBXNativeTarget section */

/* Begin PBXProject section */
		B427FAC71EF58834005FE9A2 /* Project object */ = {
			isa = PBXProject;
			attributes = {
				LastSwiftUpdateCheck = 0900;
				LastUpgradeCheck = 0910;
				ORGANIZATIONNAME = "Jorge Moura";
				TargetAttributes = {
					B427FACE1EF58834005FE9A2 = {
						CreatedOnToolsVersion = 9.0;
						LastSwiftMigration = 0900;
					};
					B427FAE21EF58835005FE9A2 = {
						CreatedOnToolsVersion = 9.0;
						LastSwiftMigration = 0900;
						TestTargetID = B427FACE1EF58834005FE9A2;
					};
					B427FAED1EF58835005FE9A2 = {
						CreatedOnToolsVersion = 9.0;
						LastSwiftMigration = 0900;
						TestTargetID = B427FACE1EF58834005FE9A2;
					};
				};
			};
			buildConfigurationList = B427FACA1EF58834005FE9A2 /* Build configuration list for PBXProject "toscoz" */;
			compatibilityVersion = "Xcode 8.0";
			developmentRegion = en;
			hasScannedForEncodings = 0;
			knownRegions = (
				en,
				Base,
			);
			mainGroup = B427FAC61EF58834005FE9A2;
			productRefGroup = B427FAD01EF58834005FE9A2 /* Products */;
			projectDirPath = "";
			projectRoot = "";
			targets = (
				B427FACE1EF58834005FE9A2 /* toscoz */,
				B427FAE21EF58835005FE9A2 /* toscozTests */,
				B427FAED1EF58835005FE9A2 /* toscozUITests */,
			);
		};
/* End PBXProject section */

/* Begin PBXResourcesBuildPhase section */
		B427FACD1EF58834005FE9A2 /* Resources */ = {
			isa = PBXResourcesBuildPhase;
			buildActionMask = 2147483647;
			files = (
				B493F36F1F857EB10076A417 /* TechnicalInfoViewController.xib in Resources */,
				B493F3721F857EB10076A417 /* PlayerViewController.xib in Resources */,
				B41978691EF5B94D00AD2F03 /* Assets.xcassets in Resources */,
				B493F3601F857EA90076A417 /* UserViewController.xib in Resources */,
				B493F3771F857EBA0076A417 /* SettingsMainViewController.xib in Resources */,
				B493F37E1F857EC10076A417 /* SearchViewController.xib in Resources */,
				B493F36D1F857EB10076A417 /* PlayerAlbumViewController.xib in Resources */,
				B4C47D591F2262AD0055A8B8 /* LaunchScreen.storyboard in Resources */,
				B493F35E1F857EA90076A417 /* HomeViewController.xib in Resources */,
			);
			runOnlyForDeploymentPostprocessing = 0;
		};
		B427FAE11EF58835005FE9A2 /* Resources */ = {
			isa = PBXResourcesBuildPhase;
			buildActionMask = 2147483647;
			files = (
			);
			runOnlyForDeploymentPostprocessing = 0;
		};
		B427FAEC1EF58835005FE9A2 /* Resources */ = {
			isa = PBXResourcesBuildPhase;
			buildActionMask = 2147483647;
			files = (
			);
			runOnlyForDeploymentPostprocessing = 0;
		};
/* End PBXResourcesBuildPhase section */

/* Begin PBXShellScriptBuildPhase section */
		B45FA0CE1F93A0F000CC6C6A /* ShellScript */ = {
			isa = PBXShellScriptBuildPhase;
			buildActionMask = 2147483647;
			files = (
			);
			inputPaths = (
			);
			outputPaths = (
			);
			runOnlyForDeploymentPostprocessing = 0;
			shellPath = /bin/sh;
			shellScript = "if which swiftlint >/dev/null; then\nswiftlint\nelse\necho \"warning: SwiftLint not installed, download from https://github.com/realm/SwiftLint\"\nfi";
		};
		CF5B2A901F86C49600684D8A /* ShellScript */ = {
			isa = PBXShellScriptBuildPhase;
			buildActionMask = 2147483647;
			files = (
			);
			inputPaths = (
				"$(SRCROOT)/Carthage/Build/iOS/RxSwift.framework",
				"$(SRCROOT)/Carthage/Build/iOS/RxCocoa.framework",
				"$(SRCROOT)/Carthage/Build/iOS/SpotifyLogin.framework",
			);
			outputPaths = (
				"$(BUILT_PRODUCTS_DIR)/$(FRAMEWORKS_FOLDER_PATH)/RxSwift.framework",
				"$(BUILT_PRODUCTS_DIR)/$(FRAMEWORKS_FOLDER_PATH)/RxCocoa.framework",
				"$(BUILT_PRODUCTS_DIR)/$(FRAMEWORKS_FOLDER_PATH)/SpotifyLogin.framework",
			);
			runOnlyForDeploymentPostprocessing = 0;
			shellPath = /bin/sh;
			shellScript = "/usr/local/bin/carthage copy-frameworks ";
		};
/* End PBXShellScriptBuildPhase section */

/* Begin PBXSourcesBuildPhase section */
		B427FACB1EF58834005FE9A2 /* Sources */ = {
			isa = PBXSourcesBuildPhase;
			buildActionMask = 2147483647;
			files = (
				B493F3891F857F020076A417 /* Song.swift in Sources */,
				B427FAD31EF58834005FE9A2 /* AppDelegate.swift in Sources */,
				B46F09181F9AAB5600C1A357 /* Rootable.swift in Sources */,
				B493F35D1F857EA90076A417 /* UserViewController.swift in Sources */,
				B493F35C1F857EA90076A417 /* HomeViewModel.swift in Sources */,
				B493F38A1F857F020076A417 /* SpotifyService.swift in Sources */,
				B493F3901F857F090076A417 /* AppCoordinator.swift in Sources */,
				B41460871F9A7F7A00AEA919 /* HomeTabBarCoordinator.swift in Sources */,
				B493F38C1F857F020076A417 /* Artist.swift in Sources */,
				B493F3911F857F090076A417 /* Coordinator.swift in Sources */,
				B493F3761F857EBA0076A417 /* SettingsMainViewController.swift in Sources */,
				B493F3711F857EB10076A417 /* PlayerCoordinator.swift in Sources */,
				B493F35F1F857EA90076A417 /* UserHomeCoordinator.swift in Sources */,
				B493F36E1F857EB10076A417 /* TechnicalInfoViewController.swift in Sources */,
				B493F36C1F857EB10076A417 /* PlayerViewController.swift in Sources */,
				B493F37F1F857EC10076A417 /* SearchViewController.swift in Sources */,
				B493F3621F857EA90076A417 /* StandardHomeViewModel.swift in Sources */,
				B493F3611F857EA90076A417 /* HomeViewController.swift in Sources */,
				B493F3781F857EBA0076A417 /* SettingsCoordinator.swift in Sources */,
				B493F38D1F857F020076A417 /* StandardSpotifyService.swift in Sources */,
				B493F3801F857EC20076A417 /* SearchViewModel.swift in Sources */,
				B493F36B1F857EB10076A417 /* PlayerAlbumViewController.swift in Sources */,
				B46F091A1F9AAB6200C1A357 /* Navigationable.swift in Sources */,
				B493F3701F857EB10076A417 /* PlayerViewModel.swift in Sources */,
				B493F38B1F857F020076A417 /* Album.swift in Sources */,
			);
			runOnlyForDeploymentPostprocessing = 0;
		};
		B427FADF1EF58835005FE9A2 /* Sources */ = {
			isa = PBXSourcesBuildPhase;
			buildActionMask = 2147483647;
			files = (
				B427FAE81EF58835005FE9A2 /* ToscozTests.swift in Sources */,
			);
			runOnlyForDeploymentPostprocessing = 0;
		};
		B427FAEA1EF58835005FE9A2 /* Sources */ = {
			isa = PBXSourcesBuildPhase;
			buildActionMask = 2147483647;
			files = (
				B427FAF31EF58835005FE9A2 /* ToscozUITests.swift in Sources */,
			);
			runOnlyForDeploymentPostprocessing = 0;
		};
/* End PBXSourcesBuildPhase section */

/* Begin PBXTargetDependency section */
		B427FAE51EF58835005FE9A2 /* PBXTargetDependency */ = {
			isa = PBXTargetDependency;
			target = B427FACE1EF58834005FE9A2 /* toscoz */;
			targetProxy = B427FAE41EF58835005FE9A2 /* PBXContainerItemProxy */;
		};
		B427FAF01EF58835005FE9A2 /* PBXTargetDependency */ = {
			isa = PBXTargetDependency;
			target = B427FACE1EF58834005FE9A2 /* toscoz */;
			targetProxy = B427FAEF1EF58835005FE9A2 /* PBXContainerItemProxy */;
		};
/* End PBXTargetDependency section */

/* Begin PBXVariantGroup section */
		B4C47D571F2262AD0055A8B8 /* LaunchScreen.storyboard */ = {
			isa = PBXVariantGroup;
			children = (
				B4C47D581F2262AD0055A8B8 /* Base */,
			);
			name = LaunchScreen.storyboard;
			sourceTree = "<group>";
		};
/* End PBXVariantGroup section */

/* Begin XCBuildConfiguration section */
		B427FAF51EF58835005FE9A2 /* Debug */ = {
			isa = XCBuildConfiguration;
			buildSettings = {
				ALWAYS_SEARCH_USER_PATHS = NO;
				CLANG_ANALYZER_NONNULL = YES;
				CLANG_ANALYZER_NUMBER_OBJECT_CONVERSION = YES_AGGRESSIVE;
				CLANG_CXX_LANGUAGE_STANDARD = "gnu++14";
				CLANG_CXX_LIBRARY = "libc++";
				CLANG_ENABLE_MODULES = YES;
				CLANG_ENABLE_OBJC_ARC = YES;
				CLANG_WARN_BLOCK_CAPTURE_AUTORELEASING = YES;
				CLANG_WARN_BOOL_CONVERSION = YES;
				CLANG_WARN_COMMA = YES;
				CLANG_WARN_CONSTANT_CONVERSION = YES;
				CLANG_WARN_DIRECT_OBJC_ISA_USAGE = YES_ERROR;
				CLANG_WARN_DOCUMENTATION_COMMENTS = YES;
				CLANG_WARN_EMPTY_BODY = YES;
				CLANG_WARN_ENUM_CONVERSION = YES;
				CLANG_WARN_INFINITE_RECURSION = YES;
				CLANG_WARN_INT_CONVERSION = YES;
				CLANG_WARN_NON_LITERAL_NULL_CONVERSION = YES;
				CLANG_WARN_OBJC_LITERAL_CONVERSION = YES;
				CLANG_WARN_OBJC_ROOT_CLASS = YES_ERROR;
				CLANG_WARN_RANGE_LOOP_ANALYSIS = YES;
				CLANG_WARN_STRICT_PROTOTYPES = YES;
				CLANG_WARN_SUSPICIOUS_MOVE = YES;
				CLANG_WARN_UNGUARDED_AVAILABILITY = YES_AGGRESSIVE;
				CLANG_WARN_UNREACHABLE_CODE = YES;
				CLANG_WARN__DUPLICATE_METHOD_MATCH = YES;
				CODE_SIGN_IDENTITY = "iPhone Developer";
				COPY_PHASE_STRIP = NO;
				DEBUG_INFORMATION_FORMAT = dwarf;
				DEVELOPMENT_TEAM = 6CHZFW8V57;
				ENABLE_STRICT_OBJC_MSGSEND = YES;
				ENABLE_TESTABILITY = YES;
				GCC_C_LANGUAGE_STANDARD = gnu11;
				GCC_NO_COMMON_BLOCKS = YES;
				GCC_OPTIMIZATION_LEVEL = 0;
				GCC_PREPROCESSOR_DEFINITIONS = (
					"DEBUG=1",
					"$(inherited)",
				);
				GCC_WARN_64_TO_32_BIT_CONVERSION = YES;
				GCC_WARN_ABOUT_RETURN_TYPE = YES_ERROR;
				GCC_WARN_UNDECLARED_SELECTOR = YES;
				GCC_WARN_UNINITIALIZED_AUTOS = YES_AGGRESSIVE;
				GCC_WARN_UNUSED_FUNCTION = YES;
				GCC_WARN_UNUSED_VARIABLE = YES;
				IPHONEOS_DEPLOYMENT_TARGET = 11.0;
				MTL_ENABLE_DEBUG_INFO = YES;
				ONLY_ACTIVE_ARCH = YES;
				SDKROOT = iphoneos;
				SWIFT_ACTIVE_COMPILATION_CONDITIONS = DEBUG;
				SWIFT_OPTIMIZATION_LEVEL = "-Onone";
				SWIFT_VERSION = 4.0;
			};
			name = Debug;
		};
		B427FAF61EF58835005FE9A2 /* Release */ = {
			isa = XCBuildConfiguration;
			buildSettings = {
				ALWAYS_SEARCH_USER_PATHS = NO;
				CLANG_ANALYZER_NONNULL = YES;
				CLANG_ANALYZER_NUMBER_OBJECT_CONVERSION = YES_AGGRESSIVE;
				CLANG_CXX_LANGUAGE_STANDARD = "gnu++14";
				CLANG_CXX_LIBRARY = "libc++";
				CLANG_ENABLE_MODULES = YES;
				CLANG_ENABLE_OBJC_ARC = YES;
				CLANG_WARN_BLOCK_CAPTURE_AUTORELEASING = YES;
				CLANG_WARN_BOOL_CONVERSION = YES;
				CLANG_WARN_COMMA = YES;
				CLANG_WARN_CONSTANT_CONVERSION = YES;
				CLANG_WARN_DIRECT_OBJC_ISA_USAGE = YES_ERROR;
				CLANG_WARN_DOCUMENTATION_COMMENTS = YES;
				CLANG_WARN_EMPTY_BODY = YES;
				CLANG_WARN_ENUM_CONVERSION = YES;
				CLANG_WARN_INFINITE_RECURSION = YES;
				CLANG_WARN_INT_CONVERSION = YES;
				CLANG_WARN_NON_LITERAL_NULL_CONVERSION = YES;
				CLANG_WARN_OBJC_LITERAL_CONVERSION = YES;
				CLANG_WARN_OBJC_ROOT_CLASS = YES_ERROR;
				CLANG_WARN_RANGE_LOOP_ANALYSIS = YES;
				CLANG_WARN_STRICT_PROTOTYPES = YES;
				CLANG_WARN_SUSPICIOUS_MOVE = YES;
				CLANG_WARN_UNGUARDED_AVAILABILITY = YES_AGGRESSIVE;
				CLANG_WARN_UNREACHABLE_CODE = YES;
				CLANG_WARN__DUPLICATE_METHOD_MATCH = YES;
				CODE_SIGN_IDENTITY = "iPhone Developer";
				COPY_PHASE_STRIP = NO;
				DEBUG_INFORMATION_FORMAT = "dwarf-with-dsym";
				DEVELOPMENT_TEAM = 6CHZFW8V57;
				ENABLE_NS_ASSERTIONS = NO;
				ENABLE_STRICT_OBJC_MSGSEND = YES;
				GCC_C_LANGUAGE_STANDARD = gnu11;
				GCC_NO_COMMON_BLOCKS = YES;
				GCC_WARN_64_TO_32_BIT_CONVERSION = YES;
				GCC_WARN_ABOUT_RETURN_TYPE = YES_ERROR;
				GCC_WARN_UNDECLARED_SELECTOR = YES;
				GCC_WARN_UNINITIALIZED_AUTOS = YES_AGGRESSIVE;
				GCC_WARN_UNUSED_FUNCTION = YES;
				GCC_WARN_UNUSED_VARIABLE = YES;
				IPHONEOS_DEPLOYMENT_TARGET = 11.0;
				MTL_ENABLE_DEBUG_INFO = NO;
				SDKROOT = iphoneos;
				SWIFT_OPTIMIZATION_LEVEL = "-Owholemodule";
				SWIFT_VERSION = 4.0;
				VALIDATE_PRODUCT = YES;
			};
			name = Release;
		};
		B427FAF81EF58835005FE9A2 /* Debug */ = {
			isa = XCBuildConfiguration;
			buildSettings = {
				ASSETCATALOG_COMPILER_APPICON_NAME = AppIcon;
				FRAMEWORK_SEARCH_PATHS = (
					"$(inherited)",
					"$(PROJECT_DIR)/Carthage/Build/iOS",
				);
				INFOPLIST_FILE = toscoz/resources/Info.plist;
				LD_RUNPATH_SEARCH_PATHS = "$(inherited) @executable_path/Frameworks";
				PRODUCT_BUNDLE_IDENTIFIER = com.jjorgemoura.toscozz;
				PRODUCT_NAME = "$(TARGET_NAME)";
				TARGETED_DEVICE_FAMILY = "1,2";
			};
			name = Debug;
		};
		B427FAF91EF58835005FE9A2 /* Release */ = {
			isa = XCBuildConfiguration;
			buildSettings = {
				ASSETCATALOG_COMPILER_APPICON_NAME = AppIcon;
				FRAMEWORK_SEARCH_PATHS = (
					"$(inherited)",
					"$(PROJECT_DIR)/Carthage/Build/iOS",
				);
				INFOPLIST_FILE = toscoz/resources/Info.plist;
				LD_RUNPATH_SEARCH_PATHS = "$(inherited) @executable_path/Frameworks";
				PRODUCT_BUNDLE_IDENTIFIER = com.jjorgemoura.toscozz;
				PRODUCT_NAME = "$(TARGET_NAME)";
				TARGETED_DEVICE_FAMILY = "1,2";
			};
			name = Release;
		};
		B427FAFB1EF58835005FE9A2 /* Debug */ = {
			isa = XCBuildConfiguration;
			buildSettings = {
				ALWAYS_EMBED_SWIFT_STANDARD_LIBRARIES = YES;
				BUNDLE_LOADER = "$(TEST_HOST)";
				FRAMEWORK_SEARCH_PATHS = (
					"$(inherited)",
					"$(PROJECT_DIR)/Carthage/Build/iOS",
				);
				INFOPLIST_FILE = toscozTests/Info.plist;
				LD_RUNPATH_SEARCH_PATHS = "$(inherited) @executable_path/Frameworks @loader_path/Frameworks";
				PRODUCT_BUNDLE_IDENTIFIER = com.jjorgemoura.toscozTests;
				PRODUCT_NAME = "$(TARGET_NAME)";
				TARGETED_DEVICE_FAMILY = "1,2";
				TEST_HOST = "$(BUILT_PRODUCTS_DIR)/toscoz.app/toscoz";
			};
			name = Debug;
		};
		B427FAFC1EF58835005FE9A2 /* Release */ = {
			isa = XCBuildConfiguration;
			buildSettings = {
				ALWAYS_EMBED_SWIFT_STANDARD_LIBRARIES = YES;
				BUNDLE_LOADER = "$(TEST_HOST)";
				FRAMEWORK_SEARCH_PATHS = (
					"$(inherited)",
					"$(PROJECT_DIR)/Carthage/Build/iOS",
				);
				INFOPLIST_FILE = toscozTests/Info.plist;
				LD_RUNPATH_SEARCH_PATHS = "$(inherited) @executable_path/Frameworks @loader_path/Frameworks";
				PRODUCT_BUNDLE_IDENTIFIER = com.jjorgemoura.toscozTests;
				PRODUCT_NAME = "$(TARGET_NAME)";
				TARGETED_DEVICE_FAMILY = "1,2";
				TEST_HOST = "$(BUILT_PRODUCTS_DIR)/toscoz.app/toscoz";
			};
			name = Release;
		};
		B427FAFE1EF58835005FE9A2 /* Debug */ = {
			isa = XCBuildConfiguration;
			buildSettings = {
				ALWAYS_EMBED_SWIFT_STANDARD_LIBRARIES = YES;
				DEVELOPMENT_TEAM = 6CHZFW8V57;
				FRAMEWORK_SEARCH_PATHS = (
					"$(inherited)",
					"$(PROJECT_DIR)/Carthage/Build/iOS",
				);
				INFOPLIST_FILE = toscozUITests/Info.plist;
				LD_RUNPATH_SEARCH_PATHS = "$(inherited) @executable_path/Frameworks @loader_path/Frameworks";
				PRODUCT_BUNDLE_IDENTIFIER = com.jjorgemoura.toscozUITests;
				PRODUCT_NAME = "$(TARGET_NAME)";
				TARGETED_DEVICE_FAMILY = "1,2";
				TEST_TARGET_NAME = toscoz;
			};
			name = Debug;
		};
		B427FAFF1EF58835005FE9A2 /* Release */ = {
			isa = XCBuildConfiguration;
			buildSettings = {
				ALWAYS_EMBED_SWIFT_STANDARD_LIBRARIES = YES;
				DEVELOPMENT_TEAM = 6CHZFW8V57;
				FRAMEWORK_SEARCH_PATHS = (
					"$(inherited)",
					"$(PROJECT_DIR)/Carthage/Build/iOS",
				);
				INFOPLIST_FILE = toscozUITests/Info.plist;
				LD_RUNPATH_SEARCH_PATHS = "$(inherited) @executable_path/Frameworks @loader_path/Frameworks";
				PRODUCT_BUNDLE_IDENTIFIER = com.jjorgemoura.toscozUITests;
				PRODUCT_NAME = "$(TARGET_NAME)";
				TARGETED_DEVICE_FAMILY = "1,2";
				TEST_TARGET_NAME = toscoz;
			};
			name = Release;
		};
/* End XCBuildConfiguration section */

/* Begin XCConfigurationList section */
		B427FACA1EF58834005FE9A2 /* Build configuration list for PBXProject "toscoz" */ = {
			isa = XCConfigurationList;
			buildConfigurations = (
				B427FAF51EF58835005FE9A2 /* Debug */,
				B427FAF61EF58835005FE9A2 /* Release */,
			);
			defaultConfigurationIsVisible = 0;
			defaultConfigurationName = Release;
		};
		B427FAF71EF58835005FE9A2 /* Build configuration list for PBXNativeTarget "toscoz" */ = {
			isa = XCConfigurationList;
			buildConfigurations = (
				B427FAF81EF58835005FE9A2 /* Debug */,
				B427FAF91EF58835005FE9A2 /* Release */,
			);
			defaultConfigurationIsVisible = 0;
			defaultConfigurationName = Release;
		};
		B427FAFA1EF58835005FE9A2 /* Build configuration list for PBXNativeTarget "toscozTests" */ = {
			isa = XCConfigurationList;
			buildConfigurations = (
				B427FAFB1EF58835005FE9A2 /* Debug */,
				B427FAFC1EF58835005FE9A2 /* Release */,
			);
			defaultConfigurationIsVisible = 0;
			defaultConfigurationName = Release;
		};
		B427FAFD1EF58835005FE9A2 /* Build configuration list for PBXNativeTarget "toscozUITests" */ = {
			isa = XCConfigurationList;
			buildConfigurations = (
				B427FAFE1EF58835005FE9A2 /* Debug */,
				B427FAFF1EF58835005FE9A2 /* Release */,
			);
			defaultConfigurationIsVisible = 0;
			defaultConfigurationName = Release;
		};
/* End XCConfigurationList section */
	};
	rootObject = B427FAC71EF58834005FE9A2 /* Project object */;
}
